// !$*UTF8*$!
{
	archiveVersion = 1;
	classes = {
	};
	objectVersion = 50;
	objects = {

/* Begin PBXBuildFile section */
		8E6212E222207E0000629F7D /* MixedArrayDecoder.swift in Sources */ = {isa = PBXBuildFile; fileRef = 8E6212E122207E0000629F7D /* MixedArrayDecoder.swift */; };
		F20A3FE022353E0C00A01DAF /* BusyboardsGroupFooter.swift in Sources */ = {isa = PBXBuildFile; fileRef = F20A3FDF22353E0C00A01DAF /* BusyboardsGroupFooter.swift */; };
		F20A3FE222353E2000A01DAF /* BusyboardsGroupFooter.xib in Resources */ = {isa = PBXBuildFile; fileRef = F20A3FE122353E2000A01DAF /* BusyboardsGroupFooter.xib */; };
		F21F2D562210546F000B1EB1 /* BusyboardsGroupHeader.swift in Sources */ = {isa = PBXBuildFile; fileRef = F21F2D542210546F000B1EB1 /* BusyboardsGroupHeader.swift */; };
		F21F2D572210546F000B1EB1 /* BusyboardsGroupHeader.xib in Resources */ = {isa = PBXBuildFile; fileRef = F21F2D552210546F000B1EB1 /* BusyboardsGroupHeader.xib */; };
		F21F2D592210586A000B1EB1 /* UIUtils.swift in Sources */ = {isa = PBXBuildFile; fileRef = F21F2D582210586A000B1EB1 /* UIUtils.swift */; };
		F21F2D5B2210BB04000B1EB1 /* Fonts.swift in Sources */ = {isa = PBXBuildFile; fileRef = F21F2D5A2210BB04000B1EB1 /* Fonts.swift */; };
		F26FC31D226347EA0071F297 /* ChangeTextureAction.swift in Sources */ = {isa = PBXBuildFile; fileRef = F26FC31C226347EA0071F297 /* ChangeTextureAction.swift */; };
		F272234D2253DAD500A6330D /* sound_swamp_heroes3.mp3 in Resources */ = {isa = PBXBuildFile; fileRef = F272234C2253DAD500A6330D /* sound_swamp_heroes3.mp3 */; };
		F27223532254068D00A6330D /* sound_rotate_v2.mp3 in Resources */ = {isa = PBXBuildFile; fileRef = F27223522254068D00A6330D /* sound_rotate_v2.mp3 */; };
		F272D97322087BAC0067B7DD /* SystemSound.swift in Sources */ = {isa = PBXBuildFile; fileRef = F272D97222087BAC0067B7DD /* SystemSound.swift */; };
		F272D98122099BC00067B7DD /* SystemSoundsIDs.json in Resources */ = {isa = PBXBuildFile; fileRef = F272D98022099BC00067B7DD /* SystemSoundsIDs.json */; };
		F272D988220AA84B0067B7DD /* BusyboardGroup.swift in Sources */ = {isa = PBXBuildFile; fileRef = F272D987220AA84B0067B7DD /* BusyboardGroup.swift */; };
		F272D98E220B10590067B7DD /* Settings.swift in Sources */ = {isa = PBXBuildFile; fileRef = F272D98D220B10590067B7DD /* Settings.swift */; };
		F272D992220B2D860067B7DD /* SettingsViewController.swift in Sources */ = {isa = PBXBuildFile; fileRef = F272D990220B2D860067B7DD /* SettingsViewController.swift */; };
		F272D993220B2D860067B7DD /* SettingsViewController.xib in Resources */ = {isa = PBXBuildFile; fileRef = F272D991220B2D860067B7DD /* SettingsViewController.xib */; };
		F272D995220B70A60067B7DD /* Blanka-Regular.otf in Resources */ = {isa = PBXBuildFile; fileRef = F272D994220B70A60067B7DD /* Blanka-Regular.otf */; };
		F272D997220B74A80067B7DD /* Elianto-Regular.otf in Resources */ = {isa = PBXBuildFile; fileRef = F272D996220B74A80067B7DD /* Elianto-Regular.otf */; };
		F2738EEC224F7231005FE787 /* ButtonTextures.json in Resources */ = {isa = PBXBuildFile; fileRef = F2738EE5224F7231005FE787 /* ButtonTextures.json */; };
		F2738EED224F7231005FE787 /* Board.json in Resources */ = {isa = PBXBuildFile; fileRef = F2738EE6224F7231005FE787 /* Board.json */; };
		F2738EEE224F7231005FE787 /* BoardComponents.json in Resources */ = {isa = PBXBuildFile; fileRef = F2738EE7224F7231005FE787 /* BoardComponents.json */; };
		F2738EEF224F7231005FE787 /* Backgrounds.json in Resources */ = {isa = PBXBuildFile; fileRef = F2738EE8224F7231005FE787 /* Backgrounds.json */; };
		F2738EF2224F7231005FE787 /* Actions.json in Resources */ = {isa = PBXBuildFile; fileRef = F2738EEB224F7231005FE787 /* Actions.json */; };
		F2738EFA225128FB005FE787 /* sound_rock_drop_in_water.mp3 in Resources */ = {isa = PBXBuildFile; fileRef = F2738EF7225128FB005FE787 /* sound_rock_drop_in_water.mp3 */; };
		F2738EFB225128FB005FE787 /* sound_plane_v1.mp3 in Resources */ = {isa = PBXBuildFile; fileRef = F2738EF8225128FB005FE787 /* sound_plane_v1.mp3 */; };
		F2738EFD22513F8F005FE787 /* SoundPlayer.swift in Sources */ = {isa = PBXBuildFile; fileRef = F2738EFC22513F8F005FE787 /* SoundPlayer.swift */; };
		F2738EFF2251E8E0005FE787 /* sound_fire.mp3 in Resources */ = {isa = PBXBuildFile; fileRef = F2738EFE2251E8E0005FE787 /* sound_fire.mp3 */; };
		F2738F0622525FEB005FE787 /* sound_chpok.mp3 in Resources */ = {isa = PBXBuildFile; fileRef = F2738F0522525FEB005FE787 /* sound_chpok.mp3 */; };
		F2738F08225260E2005FE787 /* sound_swamp.mp3 in Resources */ = {isa = PBXBuildFile; fileRef = F2738F07225260E2005FE787 /* sound_swamp.mp3 */; };
		F2738F0A225266B9005FE787 /* RotateAction.swift in Sources */ = {isa = PBXBuildFile; fileRef = F2738F09225266B9005FE787 /* RotateAction.swift */; };
		F2B1A12A22035CE8007952CC /* PlaySoundAction.swift in Sources */ = {isa = PBXBuildFile; fileRef = F2B1A12922035CE8007952CC /* PlaySoundAction.swift */; };
		F2B1A12C22035D58007952CC /* BackgroundChangeAction.swift in Sources */ = {isa = PBXBuildFile; fileRef = F2B1A12B22035D58007952CC /* BackgroundChangeAction.swift */; };
		F2B1A12E22035D72007952CC /* ResizeElementAction.swift in Sources */ = {isa = PBXBuildFile; fileRef = F2B1A12D22035D72007952CC /* ResizeElementAction.swift */; };
		F2CBBD8022579EB20037D116 /* sound_xylophone_v2.mp3 in Resources */ = {isa = PBXBuildFile; fileRef = F2CBBD7E22579EB20037D116 /* sound_xylophone_v2.mp3 */; };
		F2CBBD8122579EB20037D116 /* sound_xylophone_v1.mp3 in Resources */ = {isa = PBXBuildFile; fileRef = F2CBBD7F22579EB20037D116 /* sound_xylophone_v1.mp3 */; };
		F2CBBD832257B0E30037D116 /* ComponentSize.swift in Sources */ = {isa = PBXBuildFile; fileRef = F2CBBD822257B0E30037D116 /* ComponentSize.swift */; };
		F2CBBD852257CD000037D116 /* sound_piu-piu_v1.mp3 in Resources */ = {isa = PBXBuildFile; fileRef = F2CBBD842257CD000037D116 /* sound_piu-piu_v1.mp3 */; };
		F2CBBDBF2259F2330037D116 /* ru_BoardsGroup_3.json in Resources */ = {isa = PBXBuildFile; fileRef = F2CBBDB82259F2330037D116 /* ru_BoardsGroup_3.json */; };
		F2CBBDC02259F2330037D116 /* ru_BoardsGroup_2.json in Resources */ = {isa = PBXBuildFile; fileRef = F2CBBDB92259F2330037D116 /* ru_BoardsGroup_2.json */; };
		F2CBBDC12259F2330037D116 /* ru_BoardsGroup_1.json in Resources */ = {isa = PBXBuildFile; fileRef = F2CBBDBA2259F2330037D116 /* ru_BoardsGroup_1.json */; };
		F2CBBDC22259F2330037D116 /* en_BoardsGroup_1.json in Resources */ = {isa = PBXBuildFile; fileRef = F2CBBDBC2259F2330037D116 /* en_BoardsGroup_1.json */; };
		F2CBBDC32259F2330037D116 /* en_BoardsGroup_3.json in Resources */ = {isa = PBXBuildFile; fileRef = F2CBBDBD2259F2330037D116 /* en_BoardsGroup_3.json */; };
		F2CBBDC42259F2330037D116 /* en_BoardsGroup_2.json in Resources */ = {isa = PBXBuildFile; fileRef = F2CBBDBE2259F2330037D116 /* en_BoardsGroup_2.json */; };
		F2CBBDC8225A00A60037D116 /* LaunchScreen.xib in Resources */ = {isa = PBXBuildFile; fileRef = F2CBBDC6225A00A50037D116 /* LaunchScreen.xib */; };
		F2CBBDCE225A00ED0037D116 /* Localizable.strings in Resources */ = {isa = PBXBuildFile; fileRef = F2CBBDD0225A00ED0037D116 /* Localizable.strings */; };
		F2CBBDD3225A52E50037D116 /* sound_rich_bitch_v1.mp3 in Resources */ = {isa = PBXBuildFile; fileRef = F2CBBDD2225A52E50037D116 /* sound_rich_bitch_v1.mp3 */; };
		F2D026B421FC397F00DCA09A /* Other.xcassets in Resources */ = {isa = PBXBuildFile; fileRef = F2D0269F21FC397F00DCA09A /* Other.xcassets */; };
		F2D026B521FC397F00DCA09A /* BoardComponent.swift in Sources */ = {isa = PBXBuildFile; fileRef = F2D026A121FC397F00DCA09A /* BoardComponent.swift */; };
		F2D026B621FC397F00DCA09A /* Busyboard.swift in Sources */ = {isa = PBXBuildFile; fileRef = F2D026A221FC397F00DCA09A /* Busyboard.swift */; };
		F2D026B721FC397F00DCA09A /* AppDelegate.swift in Sources */ = {isa = PBXBuildFile; fileRef = F2D026A421FC397F00DCA09A /* AppDelegate.swift */; };
		F2D026B921FC397F00DCA09A /* BusyboardLevelViewController.xib in Resources */ = {isa = PBXBuildFile; fileRef = F2D026A821FC397F00DCA09A /* BusyboardLevelViewController.xib */; };
		F2D026BA21FC397F00DCA09A /* BusyboardLevelViewController.swift in Sources */ = {isa = PBXBuildFile; fileRef = F2D026A921FC397F00DCA09A /* BusyboardLevelViewController.swift */; };
		F2D026BB21FC397F00DCA09A /* BusyboardLevelsListViewController.xib in Resources */ = {isa = PBXBuildFile; fileRef = F2D026AB21FC397F00DCA09A /* BusyboardLevelsListViewController.xib */; };
		F2D026BC21FC397F00DCA09A /* BusyboardLevelsListViewController.swift in Sources */ = {isa = PBXBuildFile; fileRef = F2D026AC21FC397F00DCA09A /* BusyboardLevelsListViewController.swift */; };
		F2D026BD21FC397F00DCA09A /* BusyboardTableViewCell.swift in Sources */ = {isa = PBXBuildFile; fileRef = F2D026AE21FC397F00DCA09A /* BusyboardTableViewCell.swift */; };
		F2D026BE21FC397F00DCA09A /* BusyboardTableViewCell.xib in Resources */ = {isa = PBXBuildFile; fileRef = F2D026AF21FC397F00DCA09A /* BusyboardTableViewCell.xib */; };
		F2D026BF21FC397F00DCA09A /* ProgressViewController.xib in Resources */ = {isa = PBXBuildFile; fileRef = F2D026B121FC397F00DCA09A /* ProgressViewController.xib */; };
		F2D026C021FC397F00DCA09A /* ProgressViewController.swift in Sources */ = {isa = PBXBuildFile; fileRef = F2D026B221FC397F00DCA09A /* ProgressViewController.swift */; };
		F2D026C221FC476300DCA09A /* Background.swift in Sources */ = {isa = PBXBuildFile; fileRef = F2D026C121FC476300DCA09A /* Background.swift */; };
		F2D026C621FC686500DCA09A /* BusyboardService.swift in Sources */ = {isa = PBXBuildFile; fileRef = F2D026C521FC686500DCA09A /* BusyboardService.swift */; };
		F2D026C821FCAA1E00DCA09A /* Backgrounds.xcassets in Resources */ = {isa = PBXBuildFile; fileRef = F2D026C721FCAA1E00DCA09A /* Backgrounds.xcassets */; };
		F2D026CA21FCAF7A00DCA09A /* Miniatures.xcassets in Resources */ = {isa = PBXBuildFile; fileRef = F2D026C921FCAF7A00DCA09A /* Miniatures.xcassets */; };
		F2D026CE21FCC98200DCA09A /* BoardComponents.xcassets in Resources */ = {isa = PBXBuildFile; fileRef = F2D026CD21FCC98200DCA09A /* BoardComponents.xcassets */; };
		F2D026D021FCD1C300DCA09A /* Colors.swift in Sources */ = {isa = PBXBuildFile; fileRef = F2D026CF21FCD1C300DCA09A /* Colors.swift */; };
		F2D026D721FDAD8F00DCA09A /* InfoPopUpViewController.swift in Sources */ = {isa = PBXBuildFile; fileRef = F2D026D521FDAD8F00DCA09A /* InfoPopUpViewController.swift */; };
		F2D026D821FDAD8F00DCA09A /* InfoPopUpViewController.xib in Resources */ = {isa = PBXBuildFile; fileRef = F2D026D621FDAD8F00DCA09A /* InfoPopUpViewController.xib */; };
		F2D026DD21FDB5E400DCA09A /* ComponetsLayouter.swift in Sources */ = {isa = PBXBuildFile; fileRef = F2D026DC21FDB5E400DCA09A /* ComponetsLayouter.swift */; };
		F2D026DF21FDD42C00DCA09A /* ComponentAction.swift in Sources */ = {isa = PBXBuildFile; fileRef = F2D026DE21FDD42C00DCA09A /* ComponentAction.swift */; };
		F2D026E121FDD5F300DCA09A /* Utils.swift in Sources */ = {isa = PBXBuildFile; fileRef = F2D026E021FDD5F300DCA09A /* Utils.swift */; };
		F2D026E321FDE99600DCA09A /* ButtonComponent.swift in Sources */ = {isa = PBXBuildFile; fileRef = F2D026E221FDE99600DCA09A /* ButtonComponent.swift */; };
		F2D026E521FDEAF300DCA09A /* LightbulbComponent.swift in Sources */ = {isa = PBXBuildFile; fileRef = F2D026E421FDEAF300DCA09A /* LightbulbComponent.swift */; };
		F2D026E921FDEE5A00DCA09A /* SwitchComponent.swift in Sources */ = {isa = PBXBuildFile; fileRef = F2D026E821FDEE5A00DCA09A /* SwitchComponent.swift */; };
		F2D026EC21FE26B400DCA09A /* SwitchLightAction.swift in Sources */ = {isa = PBXBuildFile; fileRef = F2D026EB21FE26B400DCA09A /* SwitchLightAction.swift */; };
		F2D7ADA8221938E60012125E /* Fun.xcassets in Resources */ = {isa = PBXBuildFile; fileRef = F2D7ADA7221938E60012125E /* Fun.xcassets */; };
		F2D7ADAA221953860012125E /* Arrows.xcassets in Resources */ = {isa = PBXBuildFile; fileRef = F2D7ADA9221953860012125E /* Arrows.xcassets */; };
/* End PBXBuildFile section */

/* Begin PBXFileReference section */
		8E6212E122207E0000629F7D /* MixedArrayDecoder.swift */ = {isa = PBXFileReference; lastKnownFileType = sourcecode.swift; name = MixedArrayDecoder.swift; path = LittleBusyBoard/Services/MixedArrayDecoder.swift; sourceTree = SOURCE_ROOT; };
		F20A3FDF22353E0C00A01DAF /* BusyboardsGroupFooter.swift */ = {isa = PBXFileReference; lastKnownFileType = sourcecode.swift; path = BusyboardsGroupFooter.swift; sourceTree = "<group>"; };
		F20A3FE122353E2000A01DAF /* BusyboardsGroupFooter.xib */ = {isa = PBXFileReference; lastKnownFileType = file.xib; path = BusyboardsGroupFooter.xib; sourceTree = "<group>"; };
		F21F2D542210546F000B1EB1 /* BusyboardsGroupHeader.swift */ = {isa = PBXFileReference; lastKnownFileType = sourcecode.swift; path = BusyboardsGroupHeader.swift; sourceTree = "<group>"; };
		F21F2D552210546F000B1EB1 /* BusyboardsGroupHeader.xib */ = {isa = PBXFileReference; lastKnownFileType = file.xib; path = BusyboardsGroupHeader.xib; sourceTree = "<group>"; };
		F21F2D582210586A000B1EB1 /* UIUtils.swift */ = {isa = PBXFileReference; lastKnownFileType = sourcecode.swift; path = UIUtils.swift; sourceTree = "<group>"; };
		F21F2D5A2210BB04000B1EB1 /* Fonts.swift */ = {isa = PBXFileReference; lastKnownFileType = sourcecode.swift; path = Fonts.swift; sourceTree = "<group>"; };
		F26FC31C226347EA0071F297 /* ChangeTextureAction.swift */ = {isa = PBXFileReference; lastKnownFileType = sourcecode.swift; path = ChangeTextureAction.swift; sourceTree = "<group>"; };
		F272234C2253DAD500A6330D /* sound_swamp_heroes3.mp3 */ = {isa = PBXFileReference; lastKnownFileType = audio.mp3; path = sound_swamp_heroes3.mp3; sourceTree = "<group>"; };
		F27223522254068D00A6330D /* sound_rotate_v2.mp3 */ = {isa = PBXFileReference; lastKnownFileType = audio.mp3; path = sound_rotate_v2.mp3; sourceTree = "<group>"; };
		F272D97222087BAC0067B7DD /* SystemSound.swift */ = {isa = PBXFileReference; lastKnownFileType = sourcecode.swift; path = SystemSound.swift; sourceTree = "<group>"; };
		F272D98022099BC00067B7DD /* SystemSoundsIDs.json */ = {isa = PBXFileReference; fileEncoding = 4; lastKnownFileType = text.json; path = SystemSoundsIDs.json; sourceTree = "<group>"; };
		F272D987220AA84B0067B7DD /* BusyboardGroup.swift */ = {isa = PBXFileReference; fileEncoding = 4; lastKnownFileType = sourcecode.swift; path = BusyboardGroup.swift; sourceTree = "<group>"; };
		F272D98D220B10590067B7DD /* Settings.swift */ = {isa = PBXFileReference; lastKnownFileType = sourcecode.swift; path = Settings.swift; sourceTree = "<group>"; };
		F272D990220B2D860067B7DD /* SettingsViewController.swift */ = {isa = PBXFileReference; lastKnownFileType = sourcecode.swift; path = SettingsViewController.swift; sourceTree = "<group>"; };
		F272D991220B2D860067B7DD /* SettingsViewController.xib */ = {isa = PBXFileReference; lastKnownFileType = file.xib; path = SettingsViewController.xib; sourceTree = "<group>"; };
		F272D994220B70A60067B7DD /* Blanka-Regular.otf */ = {isa = PBXFileReference; lastKnownFileType = file; path = "Blanka-Regular.otf"; sourceTree = "<group>"; };
		F272D996220B74A80067B7DD /* Elianto-Regular.otf */ = {isa = PBXFileReference; lastKnownFileType = file; path = "Elianto-Regular.otf"; sourceTree = "<group>"; };
		F2738EE5224F7231005FE787 /* ButtonTextures.json */ = {isa = PBXFileReference; fileEncoding = 4; lastKnownFileType = text.json; path = ButtonTextures.json; sourceTree = "<group>"; };
		F2738EE6224F7231005FE787 /* Board.json */ = {isa = PBXFileReference; fileEncoding = 4; lastKnownFileType = text.json; path = Board.json; sourceTree = "<group>"; };
		F2738EE7224F7231005FE787 /* BoardComponents.json */ = {isa = PBXFileReference; fileEncoding = 4; lastKnownFileType = text.json; path = BoardComponents.json; sourceTree = "<group>"; };
		F2738EE8224F7231005FE787 /* Backgrounds.json */ = {isa = PBXFileReference; fileEncoding = 4; lastKnownFileType = text.json; path = Backgrounds.json; sourceTree = "<group>"; };
		F2738EEB224F7231005FE787 /* Actions.json */ = {isa = PBXFileReference; fileEncoding = 4; lastKnownFileType = text.json; path = Actions.json; sourceTree = "<group>"; };
		F2738EF7225128FB005FE787 /* sound_rock_drop_in_water.mp3 */ = {isa = PBXFileReference; lastKnownFileType = audio.mp3; path = sound_rock_drop_in_water.mp3; sourceTree = "<group>"; };
		F2738EF8225128FB005FE787 /* sound_plane_v1.mp3 */ = {isa = PBXFileReference; lastKnownFileType = audio.mp3; path = sound_plane_v1.mp3; sourceTree = "<group>"; };
		F2738EFC22513F8F005FE787 /* SoundPlayer.swift */ = {isa = PBXFileReference; fileEncoding = 4; lastKnownFileType = sourcecode.swift; path = SoundPlayer.swift; sourceTree = "<group>"; };
		F2738EFE2251E8E0005FE787 /* sound_fire.mp3 */ = {isa = PBXFileReference; lastKnownFileType = audio.mp3; path = sound_fire.mp3; sourceTree = "<group>"; };
		F2738F0522525FEB005FE787 /* sound_chpok.mp3 */ = {isa = PBXFileReference; lastKnownFileType = audio.mp3; path = sound_chpok.mp3; sourceTree = "<group>"; };
		F2738F07225260E2005FE787 /* sound_swamp.mp3 */ = {isa = PBXFileReference; lastKnownFileType = audio.mp3; path = sound_swamp.mp3; sourceTree = "<group>"; };
		F2738F09225266B9005FE787 /* RotateAction.swift */ = {isa = PBXFileReference; lastKnownFileType = sourcecode.swift; path = RotateAction.swift; sourceTree = "<group>"; };
		F2B1A12922035CE8007952CC /* PlaySoundAction.swift */ = {isa = PBXFileReference; lastKnownFileType = sourcecode.swift; path = PlaySoundAction.swift; sourceTree = "<group>"; };
		F2B1A12B22035D58007952CC /* BackgroundChangeAction.swift */ = {isa = PBXFileReference; lastKnownFileType = sourcecode.swift; path = BackgroundChangeAction.swift; sourceTree = "<group>"; };
		F2B1A12D22035D72007952CC /* ResizeElementAction.swift */ = {isa = PBXFileReference; lastKnownFileType = sourcecode.swift; path = ResizeElementAction.swift; sourceTree = "<group>"; };
		F2CBBD7E22579EB20037D116 /* sound_xylophone_v2.mp3 */ = {isa = PBXFileReference; lastKnownFileType = audio.mp3; path = sound_xylophone_v2.mp3; sourceTree = "<group>"; };
		F2CBBD7F22579EB20037D116 /* sound_xylophone_v1.mp3 */ = {isa = PBXFileReference; lastKnownFileType = audio.mp3; path = sound_xylophone_v1.mp3; sourceTree = "<group>"; };
		F2CBBD822257B0E30037D116 /* ComponentSize.swift */ = {isa = PBXFileReference; lastKnownFileType = sourcecode.swift; path = ComponentSize.swift; sourceTree = "<group>"; };
		F2CBBD842257CD000037D116 /* sound_piu-piu_v1.mp3 */ = {isa = PBXFileReference; lastKnownFileType = audio.mp3; path = "sound_piu-piu_v1.mp3"; sourceTree = "<group>"; };
		F2CBBDB82259F2330037D116 /* ru_BoardsGroup_3.json */ = {isa = PBXFileReference; fileEncoding = 4; lastKnownFileType = text.json; path = ru_BoardsGroup_3.json; sourceTree = "<group>"; };
		F2CBBDB92259F2330037D116 /* ru_BoardsGroup_2.json */ = {isa = PBXFileReference; fileEncoding = 4; lastKnownFileType = text.json; path = ru_BoardsGroup_2.json; sourceTree = "<group>"; };
		F2CBBDBA2259F2330037D116 /* ru_BoardsGroup_1.json */ = {isa = PBXFileReference; fileEncoding = 4; lastKnownFileType = text.json; path = ru_BoardsGroup_1.json; sourceTree = "<group>"; };
		F2CBBDBC2259F2330037D116 /* en_BoardsGroup_1.json */ = {isa = PBXFileReference; fileEncoding = 4; lastKnownFileType = text.json; path = en_BoardsGroup_1.json; sourceTree = "<group>"; };
		F2CBBDBD2259F2330037D116 /* en_BoardsGroup_3.json */ = {isa = PBXFileReference; fileEncoding = 4; lastKnownFileType = text.json; path = en_BoardsGroup_3.json; sourceTree = "<group>"; };
		F2CBBDBE2259F2330037D116 /* en_BoardsGroup_2.json */ = {isa = PBXFileReference; fileEncoding = 4; lastKnownFileType = text.json; path = en_BoardsGroup_2.json; sourceTree = "<group>"; };
		F2CBBDC7225A00A50037D116 /* Base */ = {isa = PBXFileReference; lastKnownFileType = file.xib; name = Base; path = LaunchScreen.xib; sourceTree = "<group>"; };
		F2CBBDC9225A00B40037D116 /* ru */ = {isa = PBXFileReference; lastKnownFileType = text.plist.strings; name = ru; path = ../ru.lproj/LaunchScreen.strings; sourceTree = "<group>"; };
		F2CBBDCB225A00BB0037D116 /* en */ = {isa = PBXFileReference; lastKnownFileType = text.plist.strings; name = en; path = ../en.lproj/LaunchScreen.strings; sourceTree = "<group>"; };
		F2CBBDCF225A00ED0037D116 /* en */ = {isa = PBXFileReference; lastKnownFileType = text.plist.strings; name = en; path = en.lproj/Localizable.strings; sourceTree = "<group>"; };
		F2CBBDD1225A00F00037D116 /* ru */ = {isa = PBXFileReference; lastKnownFileType = text.plist.strings; name = ru; path = ru.lproj/Localizable.strings; sourceTree = "<group>"; };
		F2CBBDD2225A52E50037D116 /* sound_rich_bitch_v1.mp3 */ = {isa = PBXFileReference; lastKnownFileType = audio.mp3; path = sound_rich_bitch_v1.mp3; sourceTree = "<group>"; };
		F2D0264321FC335000DCA09A /* LittleBusyboard.app */ = {isa = PBXFileReference; explicitFileType = wrapper.application; includeInIndex = 0; path = LittleBusyboard.app; sourceTree = BUILT_PRODUCTS_DIR; };
		F2D0269F21FC397F00DCA09A /* Other.xcassets */ = {isa = PBXFileReference; lastKnownFileType = folder.assetcatalog; path = Other.xcassets; sourceTree = "<group>"; };
		F2D026A121FC397F00DCA09A /* BoardComponent.swift */ = {isa = PBXFileReference; fileEncoding = 4; lastKnownFileType = sourcecode.swift; path = BoardComponent.swift; sourceTree = "<group>"; };
		F2D026A221FC397F00DCA09A /* Busyboard.swift */ = {isa = PBXFileReference; fileEncoding = 4; lastKnownFileType = sourcecode.swift; path = Busyboard.swift; sourceTree = "<group>"; };
		F2D026A421FC397F00DCA09A /* AppDelegate.swift */ = {isa = PBXFileReference; fileEncoding = 4; lastKnownFileType = sourcecode.swift; path = AppDelegate.swift; sourceTree = "<group>"; };
		F2D026A521FC397F00DCA09A /* Info.plist */ = {isa = PBXFileReference; fileEncoding = 4; lastKnownFileType = text.plist.xml; path = Info.plist; sourceTree = "<group>"; };
		F2D026A821FC397F00DCA09A /* BusyboardLevelViewController.xib */ = {isa = PBXFileReference; fileEncoding = 4; lastKnownFileType = file.xib; path = BusyboardLevelViewController.xib; sourceTree = "<group>"; };
		F2D026A921FC397F00DCA09A /* BusyboardLevelViewController.swift */ = {isa = PBXFileReference; fileEncoding = 4; lastKnownFileType = sourcecode.swift; path = BusyboardLevelViewController.swift; sourceTree = "<group>"; };
		F2D026AB21FC397F00DCA09A /* BusyboardLevelsListViewController.xib */ = {isa = PBXFileReference; fileEncoding = 4; lastKnownFileType = file.xib; path = BusyboardLevelsListViewController.xib; sourceTree = "<group>"; };
		F2D026AC21FC397F00DCA09A /* BusyboardLevelsListViewController.swift */ = {isa = PBXFileReference; fileEncoding = 4; lastKnownFileType = sourcecode.swift; path = BusyboardLevelsListViewController.swift; sourceTree = "<group>"; };
		F2D026AE21FC397F00DCA09A /* BusyboardTableViewCell.swift */ = {isa = PBXFileReference; fileEncoding = 4; lastKnownFileType = sourcecode.swift; path = BusyboardTableViewCell.swift; sourceTree = "<group>"; };
		F2D026AF21FC397F00DCA09A /* BusyboardTableViewCell.xib */ = {isa = PBXFileReference; fileEncoding = 4; lastKnownFileType = file.xib; path = BusyboardTableViewCell.xib; sourceTree = "<group>"; };
		F2D026B121FC397F00DCA09A /* ProgressViewController.xib */ = {isa = PBXFileReference; fileEncoding = 4; lastKnownFileType = file.xib; path = ProgressViewController.xib; sourceTree = "<group>"; };
		F2D026B221FC397F00DCA09A /* ProgressViewController.swift */ = {isa = PBXFileReference; fileEncoding = 4; lastKnownFileType = sourcecode.swift; path = ProgressViewController.swift; sourceTree = "<group>"; };
		F2D026C121FC476300DCA09A /* Background.swift */ = {isa = PBXFileReference; lastKnownFileType = sourcecode.swift; path = Background.swift; sourceTree = "<group>"; };
		F2D026C521FC686500DCA09A /* BusyboardService.swift */ = {isa = PBXFileReference; lastKnownFileType = sourcecode.swift; path = BusyboardService.swift; sourceTree = "<group>"; };
		F2D026C721FCAA1E00DCA09A /* Backgrounds.xcassets */ = {isa = PBXFileReference; lastKnownFileType = folder.assetcatalog; path = Backgrounds.xcassets; sourceTree = "<group>"; };
		F2D026C921FCAF7A00DCA09A /* Miniatures.xcassets */ = {isa = PBXFileReference; lastKnownFileType = folder.assetcatalog; path = Miniatures.xcassets; sourceTree = "<group>"; };
		F2D026CD21FCC98200DCA09A /* BoardComponents.xcassets */ = {isa = PBXFileReference; lastKnownFileType = folder.assetcatalog; path = BoardComponents.xcassets; sourceTree = "<group>"; };
		F2D026CF21FCD1C300DCA09A /* Colors.swift */ = {isa = PBXFileReference; lastKnownFileType = sourcecode.swift; path = Colors.swift; sourceTree = "<group>"; };
		F2D026D521FDAD8F00DCA09A /* InfoPopUpViewController.swift */ = {isa = PBXFileReference; lastKnownFileType = sourcecode.swift; path = InfoPopUpViewController.swift; sourceTree = "<group>"; };
		F2D026D621FDAD8F00DCA09A /* InfoPopUpViewController.xib */ = {isa = PBXFileReference; lastKnownFileType = file.xib; path = InfoPopUpViewController.xib; sourceTree = "<group>"; };
		F2D026DC21FDB5E400DCA09A /* ComponetsLayouter.swift */ = {isa = PBXFileReference; lastKnownFileType = sourcecode.swift; path = ComponetsLayouter.swift; sourceTree = "<group>"; };
		F2D026DE21FDD42C00DCA09A /* ComponentAction.swift */ = {isa = PBXFileReference; lastKnownFileType = sourcecode.swift; path = ComponentAction.swift; sourceTree = "<group>"; };
		F2D026E021FDD5F300DCA09A /* Utils.swift */ = {isa = PBXFileReference; lastKnownFileType = sourcecode.swift; path = Utils.swift; sourceTree = "<group>"; };
		F2D026E221FDE99600DCA09A /* ButtonComponent.swift */ = {isa = PBXFileReference; lastKnownFileType = sourcecode.swift; path = ButtonComponent.swift; sourceTree = "<group>"; };
		F2D026E421FDEAF300DCA09A /* LightbulbComponent.swift */ = {isa = PBXFileReference; lastKnownFileType = sourcecode.swift; path = LightbulbComponent.swift; sourceTree = "<group>"; };
		F2D026E821FDEE5A00DCA09A /* SwitchComponent.swift */ = {isa = PBXFileReference; lastKnownFileType = sourcecode.swift; path = SwitchComponent.swift; sourceTree = "<group>"; };
		F2D026EB21FE26B400DCA09A /* SwitchLightAction.swift */ = {isa = PBXFileReference; lastKnownFileType = sourcecode.swift; path = SwitchLightAction.swift; sourceTree = "<group>"; };
		F2D7ADA52217BC5C0012125E /* BoardComponentsCopy.swift */ = {isa = PBXFileReference; fileEncoding = 4; lastKnownFileType = sourcecode.swift; path = BoardComponentsCopy.swift; sourceTree = "<group>"; };
		F2D7ADA7221938E60012125E /* Fun.xcassets */ = {isa = PBXFileReference; lastKnownFileType = folder.assetcatalog; path = Fun.xcassets; sourceTree = "<group>"; };
		F2D7ADA9221953860012125E /* Arrows.xcassets */ = {isa = PBXFileReference; lastKnownFileType = folder.assetcatalog; path = Arrows.xcassets; sourceTree = "<group>"; };
/* End PBXFileReference section */

/* Begin PBXFrameworksBuildPhase section */
		F2D0264021FC335000DCA09A /* Frameworks */ = {
			isa = PBXFrameworksBuildPhase;
			buildActionMask = 2147483647;
			files = (
			);
			runOnlyForDeploymentPostprocessing = 0;
		};
/* End PBXFrameworksBuildPhase section */

/* Begin PBXGroup section */
		F20A3FDE22353DD400A01DAF /* Footer */ = {
			isa = PBXGroup;
			children = (
				F20A3FDF22353E0C00A01DAF /* BusyboardsGroupFooter.swift */,
				F20A3FE122353E2000A01DAF /* BusyboardsGroupFooter.xib */,
			);
			path = Footer;
			sourceTree = "<group>";
		};
		F21F2D5C2210BD36000B1EB1 /* Cell */ = {
			isa = PBXGroup;
			children = (
				F2D026AE21FC397F00DCA09A /* BusyboardTableViewCell.swift */,
				F2D026AF21FC397F00DCA09A /* BusyboardTableViewCell.xib */,
			);
			path = Cell;
			sourceTree = "<group>";
		};
		F21F2D5D2210BD3E000B1EB1 /* Header */ = {
			isa = PBXGroup;
			children = (
				F21F2D542210546F000B1EB1 /* BusyboardsGroupHeader.swift */,
				F21F2D552210546F000B1EB1 /* BusyboardsGroupHeader.xib */,
			);
			path = Header;
			sourceTree = "<group>";
		};
		F21F2D5E22116DD9000B1EB1 /* Boards */ = {
			isa = PBXGroup;
			children = (
				F272D987220AA84B0067B7DD /* BusyboardGroup.swift */,
				F2D026A221FC397F00DCA09A /* Busyboard.swift */,
				F2D026E621FDEB9A00DCA09A /* BoardComponets */,
				F2B1A13622073D17007952CC /* ComponentActions */,
			);
			path = Boards;
			sourceTree = "<group>";
		};
		F272D97E220996770067B7DD /* Images */ = {
			isa = PBXGroup;
			children = (
				F2D0269F21FC397F00DCA09A /* Other.xcassets */,
				F2D7ADA9221953860012125E /* Arrows.xcassets */,
				F2D026CD21FCC98200DCA09A /* BoardComponents.xcassets */,
				F2D026C721FCAA1E00DCA09A /* Backgrounds.xcassets */,
				F2D026C921FCAF7A00DCA09A /* Miniatures.xcassets */,
				F2D7ADA7221938E60012125E /* Fun.xcassets */,
			);
			path = Images;
			sourceTree = "<group>";
		};
		F272D97F2209968D0067B7DD /* Fonts */ = {
			isa = PBXGroup;
			children = (
				F272D996220B74A80067B7DD /* Elianto-Regular.otf */,
				F272D994220B70A60067B7DD /* Blanka-Regular.otf */,
			);
			path = Fonts;
			sourceTree = "<group>";
		};
		F272D98222099BCE0067B7DD /* Sounds */ = {
			isa = PBXGroup;
			children = (
				F2CBBDD2225A52E50037D116 /* sound_rich_bitch_v1.mp3 */,
				F2CBBD842257CD000037D116 /* sound_piu-piu_v1.mp3 */,
				F2CBBD7F22579EB20037D116 /* sound_xylophone_v1.mp3 */,
				F2CBBD7E22579EB20037D116 /* sound_xylophone_v2.mp3 */,
				F27223522254068D00A6330D /* sound_rotate_v2.mp3 */,
				F272234C2253DAD500A6330D /* sound_swamp_heroes3.mp3 */,
				F2738F07225260E2005FE787 /* sound_swamp.mp3 */,
				F2738F0522525FEB005FE787 /* sound_chpok.mp3 */,
				F2738EFE2251E8E0005FE787 /* sound_fire.mp3 */,
				F2738EF8225128FB005FE787 /* sound_plane_v1.mp3 */,
				F2738EF7225128FB005FE787 /* sound_rock_drop_in_water.mp3 */,
				F272D98022099BC00067B7DD /* SystemSoundsIDs.json */,
			);
			path = Sounds;
			sourceTree = "<group>";
		};
		F272D98F220B2D6D0067B7DD /* Settings */ = {
			isa = PBXGroup;
			children = (
				F272D990220B2D860067B7DD /* SettingsViewController.swift */,
				F272D991220B2D860067B7DD /* SettingsViewController.xib */,
			);
			path = Settings;
			sourceTree = "<group>";
		};
		F2738EE4224F7231005FE787 /* Stubs */ = {
			isa = PBXGroup;
			children = (
				F2738EF3224F7237005FE787 /* Groups */,
				F2738EE5224F7231005FE787 /* ButtonTextures.json */,
				F2738EE6224F7231005FE787 /* Board.json */,
				F2738EE7224F7231005FE787 /* BoardComponents.json */,
				F2738EE8224F7231005FE787 /* Backgrounds.json */,
				F2738EEB224F7231005FE787 /* Actions.json */,
			);
			path = Stubs;
			sourceTree = "<group>";
		};
		F2738EF3224F7237005FE787 /* Groups */ = {
			isa = PBXGroup;
			children = (
				F2CBBDBB2259F2330037D116 /* EN */,
				F2CBBDB72259F2330037D116 /* RU */,
			);
			path = Groups;
			sourceTree = "<group>";
		};
		F2B1A12F220479F4007952CC /* Stories */ = {
			isa = PBXGroup;
			children = (
				F2D026AA21FC397F00DCA09A /* List */,
				F2D026A721FC397F00DCA09A /* Details */,
				F2D026D921FDAD9900DCA09A /* Info */,
				F272D98F220B2D6D0067B7DD /* Settings */,
			);
			path = Stories;
			sourceTree = "<group>";
		};
		F2B1A13622073D17007952CC /* ComponentActions */ = {
			isa = PBXGroup;
			children = (
				F2D026DE21FDD42C00DCA09A /* ComponentAction.swift */,
				F2D026EA21FE268300DCA09A /* CustomActions */,
			);
			path = ComponentActions;
			sourceTree = "<group>";
		};
		F2CBBDB72259F2330037D116 /* RU */ = {
			isa = PBXGroup;
			children = (
				F2CBBDBA2259F2330037D116 /* ru_BoardsGroup_1.json */,
				F2CBBDB92259F2330037D116 /* ru_BoardsGroup_2.json */,
				F2CBBDB82259F2330037D116 /* ru_BoardsGroup_3.json */,
			);
			path = RU;
			sourceTree = "<group>";
		};
		F2CBBDBB2259F2330037D116 /* EN */ = {
			isa = PBXGroup;
			children = (
				F2CBBDBC2259F2330037D116 /* en_BoardsGroup_1.json */,
				F2CBBDBE2259F2330037D116 /* en_BoardsGroup_2.json */,
				F2CBBDBD2259F2330037D116 /* en_BoardsGroup_3.json */,
			);
			path = EN;
			sourceTree = "<group>";
		};
		F2CBBDC5225A00A50037D116 /* Base.lproj */ = {
			isa = PBXGroup;
			children = (
				F2CBBDC6225A00A50037D116 /* LaunchScreen.xib */,
			);
			path = Base.lproj;
			sourceTree = "<group>";
		};
		F2D0263A21FC335000DCA09A = {
			isa = PBXGroup;
			children = (
				F2D0269C21FC397F00DCA09A /* LittleBusyboard */,
				F2D0264421FC335000DCA09A /* Products */,
			);
			sourceTree = "<group>";
		};
		F2D0264421FC335000DCA09A /* Products */ = {
			isa = PBXGroup;
			children = (
				F2D0264321FC335000DCA09A /* LittleBusyboard.app */,
			);
			name = Products;
			sourceTree = "<group>";
		};
		F2D0269C21FC397F00DCA09A /* LittleBusyboard */ = {
			isa = PBXGroup;
			children = (
				F2D026A321FC397F00DCA09A /* Infrastructure */,
				F2D026CC21FCB3B600DCA09A /* Services */,
				F2D026A021FC397F00DCA09A /* Models */,
				F2D026A621FC397F00DCA09A /* Presentation */,
				F2D0269D21FC397F00DCA09A /* Resources */,
			);
			path = LittleBusyboard;
			sourceTree = "<group>";
		};
		F2D0269D21FC397F00DCA09A /* Resources */ = {
			isa = PBXGroup;
			children = (
				F2CBBDD0225A00ED0037D116 /* Localizable.strings */,
				F2CBBDC5225A00A50037D116 /* Base.lproj */,
				F2738EE4224F7231005FE787 /* Stubs */,
				F272D97F2209968D0067B7DD /* Fonts */,
				F272D98222099BCE0067B7DD /* Sounds */,
				F272D97E220996770067B7DD /* Images */,
			);
			path = Resources;
			sourceTree = "<group>";
		};
		F2D026A021FC397F00DCA09A /* Models */ = {
			isa = PBXGroup;
			children = (
				F21F2D5E22116DD9000B1EB1 /* Boards */,
				F2D026C121FC476300DCA09A /* Background.swift */,
				F272D97222087BAC0067B7DD /* SystemSound.swift */,
				F272D98D220B10590067B7DD /* Settings.swift */,
			);
			path = Models;
			sourceTree = "<group>";
		};
		F2D026A321FC397F00DCA09A /* Infrastructure */ = {
			isa = PBXGroup;
			children = (
				F2D026A421FC397F00DCA09A /* AppDelegate.swift */,
				F2D026A521FC397F00DCA09A /* Info.plist */,
			);
			path = Infrastructure;
			sourceTree = "<group>";
		};
		F2D026A621FC397F00DCA09A /* Presentation */ = {
			isa = PBXGroup;
			children = (
				F2D026B021FC397F00DCA09A /* AdditionalUI */,
				F2D026CB21FCB38600DCA09A /* UIInfrastructure */,
				F2B1A12F220479F4007952CC /* Stories */,
			);
			path = Presentation;
			sourceTree = "<group>";
		};
		F2D026A721FC397F00DCA09A /* Details */ = {
			isa = PBXGroup;
			children = (
				F2D026A921FC397F00DCA09A /* BusyboardLevelViewController.swift */,
				F2D026A821FC397F00DCA09A /* BusyboardLevelViewController.xib */,
			);
			path = Details;
			sourceTree = "<group>";
		};
		F2D026AA21FC397F00DCA09A /* List */ = {
			isa = PBXGroup;
			children = (
				F2D026AC21FC397F00DCA09A /* BusyboardLevelsListViewController.swift */,
				F2D026AB21FC397F00DCA09A /* BusyboardLevelsListViewController.xib */,
				F2D026AD21FC397F00DCA09A /* UIComponents */,
			);
			path = List;
			sourceTree = "<group>";
		};
		F2D026AD21FC397F00DCA09A /* UIComponents */ = {
			isa = PBXGroup;
			children = (
				F21F2D5C2210BD36000B1EB1 /* Cell */,
				F21F2D5D2210BD3E000B1EB1 /* Header */,
				F20A3FDE22353DD400A01DAF /* Footer */,
			);
			path = UIComponents;
			sourceTree = "<group>";
		};
		F2D026B021FC397F00DCA09A /* AdditionalUI */ = {
			isa = PBXGroup;
			children = (
				F2D026B221FC397F00DCA09A /* ProgressViewController.swift */,
				F2D026B121FC397F00DCA09A /* ProgressViewController.xib */,
			);
			path = AdditionalUI;
			sourceTree = "<group>";
		};
		F2D026CB21FCB38600DCA09A /* UIInfrastructure */ = {
			isa = PBXGroup;
			children = (
				F2738EFC22513F8F005FE787 /* SoundPlayer.swift */,
				F2D026CF21FCD1C300DCA09A /* Colors.swift */,
				F21F2D5A2210BB04000B1EB1 /* Fonts.swift */,
				F21F2D582210586A000B1EB1 /* UIUtils.swift */,
			);
			path = UIInfrastructure;
			sourceTree = "<group>";
		};
		F2D026CC21FCB3B600DCA09A /* Services */ = {
			isa = PBXGroup;
			children = (
				F2D7ADA52217BC5C0012125E /* BoardComponentsCopy.swift */,
				F2D026C521FC686500DCA09A /* BusyboardService.swift */,
				F2D026DC21FDB5E400DCA09A /* ComponetsLayouter.swift */,
				F2D026E021FDD5F300DCA09A /* Utils.swift */,
				8E6212E122207E0000629F7D /* MixedArrayDecoder.swift */,
			);
			path = Services;
			sourceTree = "<group>";
		};
		F2D026D921FDAD9900DCA09A /* Info */ = {
			isa = PBXGroup;
			children = (
				F2D026D521FDAD8F00DCA09A /* InfoPopUpViewController.swift */,
				F2D026D621FDAD8F00DCA09A /* InfoPopUpViewController.xib */,
			);
			path = Info;
			sourceTree = "<group>";
		};
		F2D026E621FDEB9A00DCA09A /* BoardComponets */ = {
			isa = PBXGroup;
			children = (
				F2D026A121FC397F00DCA09A /* BoardComponent.swift */,
				F2CBBD822257B0E30037D116 /* ComponentSize.swift */,
				F2D026E721FDEBC900DCA09A /* CustomComponents */,
			);
			path = BoardComponets;
			sourceTree = "<group>";
		};
		F2D026E721FDEBC900DCA09A /* CustomComponents */ = {
			isa = PBXGroup;
			children = (
				F2D026E221FDE99600DCA09A /* ButtonComponent.swift */,
				F2D026E821FDEE5A00DCA09A /* SwitchComponent.swift */,
				F2D026E421FDEAF300DCA09A /* LightbulbComponent.swift */,
			);
			path = CustomComponents;
			sourceTree = "<group>";
		};
		F2D026EA21FE268300DCA09A /* CustomActions */ = {
			isa = PBXGroup;
			children = (
				F2B1A12922035CE8007952CC /* PlaySoundAction.swift */,
				F26FC31C226347EA0071F297 /* ChangeTextureAction.swift */,
				F2B1A12B22035D58007952CC /* BackgroundChangeAction.swift */,
				F2738F09225266B9005FE787 /* RotateAction.swift */,
				F2D026EB21FE26B400DCA09A /* SwitchLightAction.swift */,
				F2B1A12D22035D72007952CC /* ResizeElementAction.swift */,
			);
			path = CustomActions;
			sourceTree = "<group>";
		};
/* End PBXGroup section */

/* Begin PBXNativeTarget section */
		F2D0264221FC335000DCA09A /* LittleBusyboard */ = {
			isa = PBXNativeTarget;
			buildConfigurationList = F2D0265521FC335200DCA09A /* Build configuration list for PBXNativeTarget "LittleBusyboard" */;
			buildPhases = (
				F2D0263F21FC335000DCA09A /* Sources */,
				F2D0264021FC335000DCA09A /* Frameworks */,
				F2D0264121FC335000DCA09A /* Resources */,
			);
			buildRules = (
			);
			dependencies = (
			);
			name = LittleBusyboard;
			productName = LittleBusyboard;
			productReference = F2D0264321FC335000DCA09A /* LittleBusyboard.app */;
			productType = "com.apple.product-type.application";
		};
/* End PBXNativeTarget section */

/* Begin PBXProject section */
		F2D0263B21FC335000DCA09A /* Project object */ = {
			isa = PBXProject;
			attributes = {
				LastSwiftUpdateCheck = 1010;
				LastUpgradeCheck = 1010;
				ORGANIZATIONNAME = VR/RN;
				TargetAttributes = {
					F2D0264221FC335000DCA09A = {
						CreatedOnToolsVersion = 10.1;
					};
				};
			};
			buildConfigurationList = F2D0263E21FC335000DCA09A /* Build configuration list for PBXProject "LittleBusyboard" */;
			compatibilityVersion = "Xcode 9.3";
			developmentRegion = en;
			hasScannedForEncodings = 0;
			knownRegions = (
				en,
				Base,
				ru,
			);
			mainGroup = F2D0263A21FC335000DCA09A;
			productRefGroup = F2D0264421FC335000DCA09A /* Products */;
			projectDirPath = "";
			projectRoot = "";
			targets = (
				F2D0264221FC335000DCA09A /* LittleBusyboard */,
			);
		};
/* End PBXProject section */

/* Begin PBXResourcesBuildPhase section */
		F2D0264121FC335000DCA09A /* Resources */ = {
			isa = PBXResourcesBuildPhase;
			buildActionMask = 2147483647;
			files = (
				F2D026CA21FCAF7A00DCA09A /* Miniatures.xcassets in Resources */,
				F2CBBDC42259F2330037D116 /* en_BoardsGroup_2.json in Resources */,
				F272D993220B2D860067B7DD /* SettingsViewController.xib in Resources */,
				F2CBBDC02259F2330037D116 /* ru_BoardsGroup_2.json in Resources */,
				F2CBBDC22259F2330037D116 /* en_BoardsGroup_1.json in Resources */,
				F2CBBDD3225A52E50037D116 /* sound_rich_bitch_v1.mp3 in Resources */,
				F2CBBDCE225A00ED0037D116 /* Localizable.strings in Resources */,
				F272D98122099BC00067B7DD /* SystemSoundsIDs.json in Resources */,
				F2CBBDC32259F2330037D116 /* en_BoardsGroup_3.json in Resources */,
				F2738EFF2251E8E0005FE787 /* sound_fire.mp3 in Resources */,
				F2D026C821FCAA1E00DCA09A /* Backgrounds.xcassets in Resources */,
				F2D026CE21FCC98200DCA09A /* BoardComponents.xcassets in Resources */,
				F2738F0622525FEB005FE787 /* sound_chpok.mp3 in Resources */,
				F2D7ADAA221953860012125E /* Arrows.xcassets in Resources */,
				F2738EEE224F7231005FE787 /* BoardComponents.json in Resources */,
				F2738EEC224F7231005FE787 /* ButtonTextures.json in Resources */,
				F2D026D821FDAD8F00DCA09A /* InfoPopUpViewController.xib in Resources */,
				F2CBBDBF2259F2330037D116 /* ru_BoardsGroup_3.json in Resources */,
				F2D026BF21FC397F00DCA09A /* ProgressViewController.xib in Resources */,
				F272D995220B70A60067B7DD /* Blanka-Regular.otf in Resources */,
				F2D026B421FC397F00DCA09A /* Other.xcassets in Resources */,
				F2738EFB225128FB005FE787 /* sound_plane_v1.mp3 in Resources */,
				F2D026BE21FC397F00DCA09A /* BusyboardTableViewCell.xib in Resources */,
				F2738EEF224F7231005FE787 /* Backgrounds.json in Resources */,
				F2CBBDC8225A00A60037D116 /* LaunchScreen.xib in Resources */,
				F272D997220B74A80067B7DD /* Elianto-Regular.otf in Resources */,
				F2738EFA225128FB005FE787 /* sound_rock_drop_in_water.mp3 in Resources */,
				F27223532254068D00A6330D /* sound_rotate_v2.mp3 in Resources */,
				F2738EED224F7231005FE787 /* Board.json in Resources */,
				F20A3FE222353E2000A01DAF /* BusyboardsGroupFooter.xib in Resources */,
				F2738EF2224F7231005FE787 /* Actions.json in Resources */,
				F2CBBD852257CD000037D116 /* sound_piu-piu_v1.mp3 in Resources */,
				F2738F08225260E2005FE787 /* sound_swamp.mp3 in Resources */,
				F2CBBD8022579EB20037D116 /* sound_xylophone_v2.mp3 in Resources */,
				F2D026B921FC397F00DCA09A /* BusyboardLevelViewController.xib in Resources */,
				F21F2D572210546F000B1EB1 /* BusyboardsGroupHeader.xib in Resources */,
				F2D7ADA8221938E60012125E /* Fun.xcassets in Resources */,
				F2CBBD8122579EB20037D116 /* sound_xylophone_v1.mp3 in Resources */,
				F272234D2253DAD500A6330D /* sound_swamp_heroes3.mp3 in Resources */,
				F2D026BB21FC397F00DCA09A /* BusyboardLevelsListViewController.xib in Resources */,
				F2CBBDC12259F2330037D116 /* ru_BoardsGroup_1.json in Resources */,
			);
			runOnlyForDeploymentPostprocessing = 0;
		};
/* End PBXResourcesBuildPhase section */

/* Begin PBXSourcesBuildPhase section */
		F2D0263F21FC335000DCA09A /* Sources */ = {
			isa = PBXSourcesBuildPhase;
			buildActionMask = 2147483647;
			files = (
				F21F2D592210586A000B1EB1 /* UIUtils.swift in Sources */,
				F21F2D562210546F000B1EB1 /* BusyboardsGroupHeader.swift in Sources */,
				F2738EFD22513F8F005FE787 /* SoundPlayer.swift in Sources */,
				F2D026DD21FDB5E400DCA09A /* ComponetsLayouter.swift in Sources */,
				F272D98E220B10590067B7DD /* Settings.swift in Sources */,
				F2CBBD832257B0E30037D116 /* ComponentSize.swift in Sources */,
				F2D026DF21FDD42C00DCA09A /* ComponentAction.swift in Sources */,
				F2D026B721FC397F00DCA09A /* AppDelegate.swift in Sources */,
				F2D026D021FCD1C300DCA09A /* Colors.swift in Sources */,
				F2D026B521FC397F00DCA09A /* BoardComponent.swift in Sources */,
				F2B1A12C22035D58007952CC /* BackgroundChangeAction.swift in Sources */,
				F2D026B621FC397F00DCA09A /* Busyboard.swift in Sources */,
				F2D026EC21FE26B400DCA09A /* SwitchLightAction.swift in Sources */,
				F2D026C221FC476300DCA09A /* Background.swift in Sources */,
				F2D026E321FDE99600DCA09A /* ButtonComponent.swift in Sources */,
				F26FC31D226347EA0071F297 /* ChangeTextureAction.swift in Sources */,
				F2D026E521FDEAF300DCA09A /* LightbulbComponent.swift in Sources */,
				F2B1A12E22035D72007952CC /* ResizeElementAction.swift in Sources */,
				F21F2D5B2210BB04000B1EB1 /* Fonts.swift in Sources */,
				F20A3FE022353E0C00A01DAF /* BusyboardsGroupFooter.swift in Sources */,
				F2D026E121FDD5F300DCA09A /* Utils.swift in Sources */,
				F2D026D721FDAD8F00DCA09A /* InfoPopUpViewController.swift in Sources */,
				F272D988220AA84B0067B7DD /* BusyboardGroup.swift in Sources */,
				F2D026C621FC686500DCA09A /* BusyboardService.swift in Sources */,
				F2D026C021FC397F00DCA09A /* ProgressViewController.swift in Sources */,
				F2D026BD21FC397F00DCA09A /* BusyboardTableViewCell.swift in Sources */,
				8E6212E222207E0000629F7D /* MixedArrayDecoder.swift in Sources */,
				F2D026E921FDEE5A00DCA09A /* SwitchComponent.swift in Sources */,
				F2738F0A225266B9005FE787 /* RotateAction.swift in Sources */,
				F2D026BA21FC397F00DCA09A /* BusyboardLevelViewController.swift in Sources */,
				F2D026BC21FC397F00DCA09A /* BusyboardLevelsListViewController.swift in Sources */,
				F272D97322087BAC0067B7DD /* SystemSound.swift in Sources */,
				F2B1A12A22035CE8007952CC /* PlaySoundAction.swift in Sources */,
				F272D992220B2D860067B7DD /* SettingsViewController.swift in Sources */,
			);
			runOnlyForDeploymentPostprocessing = 0;
		};
/* End PBXSourcesBuildPhase section */

/* Begin PBXVariantGroup section */
		F2CBBDC6225A00A50037D116 /* LaunchScreen.xib */ = {
			isa = PBXVariantGroup;
			children = (
				F2CBBDC7225A00A50037D116 /* Base */,
				F2CBBDC9225A00B40037D116 /* ru */,
				F2CBBDCB225A00BB0037D116 /* en */,
			);
			name = LaunchScreen.xib;
			sourceTree = "<group>";
		};
		F2CBBDD0225A00ED0037D116 /* Localizable.strings */ = {
			isa = PBXVariantGroup;
			children = (
				F2CBBDCF225A00ED0037D116 /* en */,
				F2CBBDD1225A00F00037D116 /* ru */,
			);
			name = Localizable.strings;
			sourceTree = "<group>";
		};
/* End PBXVariantGroup section */

/* Begin XCBuildConfiguration section */
		F2D0265321FC335200DCA09A /* Debug */ = {
			isa = XCBuildConfiguration;
			buildSettings = {
				ALWAYS_SEARCH_USER_PATHS = NO;
				CLANG_ANALYZER_LOCALIZABILITY_NONLOCALIZED = YES;
				CLANG_ANALYZER_NONNULL = YES;
				CLANG_ANALYZER_NUMBER_OBJECT_CONVERSION = YES_AGGRESSIVE;
				CLANG_CXX_LANGUAGE_STANDARD = "gnu++14";
				CLANG_CXX_LIBRARY = "libc++";
				CLANG_ENABLE_MODULES = YES;
				CLANG_ENABLE_OBJC_ARC = YES;
				CLANG_ENABLE_OBJC_WEAK = YES;
				CLANG_WARN_BLOCK_CAPTURE_AUTORELEASING = YES;
				CLANG_WARN_BOOL_CONVERSION = YES;
				CLANG_WARN_COMMA = YES;
				CLANG_WARN_CONSTANT_CONVERSION = YES;
				CLANG_WARN_DEPRECATED_OBJC_IMPLEMENTATIONS = YES;
				CLANG_WARN_DIRECT_OBJC_ISA_USAGE = YES_ERROR;
				CLANG_WARN_DOCUMENTATION_COMMENTS = YES;
				CLANG_WARN_EMPTY_BODY = YES;
				CLANG_WARN_ENUM_CONVERSION = YES;
				CLANG_WARN_INFINITE_RECURSION = YES;
				CLANG_WARN_INT_CONVERSION = YES;
				CLANG_WARN_NON_LITERAL_NULL_CONVERSION = YES;
				CLANG_WARN_OBJC_IMPLICIT_RETAIN_SELF = YES;
				CLANG_WARN_OBJC_LITERAL_CONVERSION = YES;
				CLANG_WARN_OBJC_ROOT_CLASS = YES_ERROR;
				CLANG_WARN_RANGE_LOOP_ANALYSIS = YES;
				CLANG_WARN_STRICT_PROTOTYPES = YES;
				CLANG_WARN_SUSPICIOUS_MOVE = YES;
				CLANG_WARN_UNGUARDED_AVAILABILITY = YES_AGGRESSIVE;
				CLANG_WARN_UNREACHABLE_CODE = YES;
				CLANG_WARN__DUPLICATE_METHOD_MATCH = YES;
				CODE_SIGN_IDENTITY = "iPhone Developer";
				COPY_PHASE_STRIP = NO;
				DEBUG_INFORMATION_FORMAT = dwarf;
				ENABLE_STRICT_OBJC_MSGSEND = YES;
				ENABLE_TESTABILITY = YES;
				GCC_C_LANGUAGE_STANDARD = gnu11;
				GCC_DYNAMIC_NO_PIC = NO;
				GCC_NO_COMMON_BLOCKS = YES;
				GCC_OPTIMIZATION_LEVEL = 0;
				GCC_PREPROCESSOR_DEFINITIONS = (
					"DEBUG=1",
					"$(inherited)",
				);
				GCC_WARN_64_TO_32_BIT_CONVERSION = YES;
				GCC_WARN_ABOUT_RETURN_TYPE = YES_ERROR;
				GCC_WARN_UNDECLARED_SELECTOR = YES;
				GCC_WARN_UNINITIALIZED_AUTOS = YES_AGGRESSIVE;
				GCC_WARN_UNUSED_FUNCTION = YES;
				GCC_WARN_UNUSED_VARIABLE = YES;
				IPHONEOS_DEPLOYMENT_TARGET = 12.1;
				MTL_ENABLE_DEBUG_INFO = INCLUDE_SOURCE;
				MTL_FAST_MATH = YES;
				ONLY_ACTIVE_ARCH = YES;
				SDKROOT = iphoneos;
				SWIFT_ACTIVE_COMPILATION_CONDITIONS = DEBUG;
				SWIFT_OPTIMIZATION_LEVEL = "-Onone";
			};
			name = Debug;
		};
		F2D0265421FC335200DCA09A /* Release */ = {
			isa = XCBuildConfiguration;
			buildSettings = {
				ALWAYS_SEARCH_USER_PATHS = NO;
				CLANG_ANALYZER_LOCALIZABILITY_NONLOCALIZED = YES;
				CLANG_ANALYZER_NONNULL = YES;
				CLANG_ANALYZER_NUMBER_OBJECT_CONVERSION = YES_AGGRESSIVE;
				CLANG_CXX_LANGUAGE_STANDARD = "gnu++14";
				CLANG_CXX_LIBRARY = "libc++";
				CLANG_ENABLE_MODULES = YES;
				CLANG_ENABLE_OBJC_ARC = YES;
				CLANG_ENABLE_OBJC_WEAK = YES;
				CLANG_WARN_BLOCK_CAPTURE_AUTORELEASING = YES;
				CLANG_WARN_BOOL_CONVERSION = YES;
				CLANG_WARN_COMMA = YES;
				CLANG_WARN_CONSTANT_CONVERSION = YES;
				CLANG_WARN_DEPRECATED_OBJC_IMPLEMENTATIONS = YES;
				CLANG_WARN_DIRECT_OBJC_ISA_USAGE = YES_ERROR;
				CLANG_WARN_DOCUMENTATION_COMMENTS = YES;
				CLANG_WARN_EMPTY_BODY = YES;
				CLANG_WARN_ENUM_CONVERSION = YES;
				CLANG_WARN_INFINITE_RECURSION = YES;
				CLANG_WARN_INT_CONVERSION = YES;
				CLANG_WARN_NON_LITERAL_NULL_CONVERSION = YES;
				CLANG_WARN_OBJC_IMPLICIT_RETAIN_SELF = YES;
				CLANG_WARN_OBJC_LITERAL_CONVERSION = YES;
				CLANG_WARN_OBJC_ROOT_CLASS = YES_ERROR;
				CLANG_WARN_RANGE_LOOP_ANALYSIS = YES;
				CLANG_WARN_STRICT_PROTOTYPES = YES;
				CLANG_WARN_SUSPICIOUS_MOVE = YES;
				CLANG_WARN_UNGUARDED_AVAILABILITY = YES_AGGRESSIVE;
				CLANG_WARN_UNREACHABLE_CODE = YES;
				CLANG_WARN__DUPLICATE_METHOD_MATCH = YES;
				CODE_SIGN_IDENTITY = "iPhone Developer";
				COPY_PHASE_STRIP = NO;
				DEBUG_INFORMATION_FORMAT = "dwarf-with-dsym";
				ENABLE_NS_ASSERTIONS = NO;
				ENABLE_STRICT_OBJC_MSGSEND = YES;
				GCC_C_LANGUAGE_STANDARD = gnu11;
				GCC_NO_COMMON_BLOCKS = YES;
				GCC_WARN_64_TO_32_BIT_CONVERSION = YES;
				GCC_WARN_ABOUT_RETURN_TYPE = YES_ERROR;
				GCC_WARN_UNDECLARED_SELECTOR = YES;
				GCC_WARN_UNINITIALIZED_AUTOS = YES_AGGRESSIVE;
				GCC_WARN_UNUSED_FUNCTION = YES;
				GCC_WARN_UNUSED_VARIABLE = YES;
				IPHONEOS_DEPLOYMENT_TARGET = 12.1;
				MTL_ENABLE_DEBUG_INFO = NO;
				MTL_FAST_MATH = YES;
				SDKROOT = iphoneos;
				SWIFT_COMPILATION_MODE = wholemodule;
				SWIFT_OPTIMIZATION_LEVEL = "-O";
				VALIDATE_PRODUCT = YES;
			};
			name = Release;
		};
		F2D0265621FC335200DCA09A /* Debug */ = {
			isa = XCBuildConfiguration;
			buildSettings = {
				ASSETCATALOG_COMPILER_APPICON_NAME = AppIcon;
				CODE_SIGN_STYLE = Manual;
				DEVELOPMENT_TEAM = JZHS7Z7G7D;
				INFOPLIST_FILE = "$(SRCROOT)/LittleBusyboard/Infrastructure/Info.plist";
				IPHONEOS_DEPLOYMENT_TARGET = 9.3;
				LD_RUNPATH_SEARCH_PATHS = (
					"$(inherited)",
					"@executable_path/Frameworks",
				);
				PRODUCT_BUNDLE_IDENTIFIER = com.vrrn.baby.Littlebusyboard;
				PRODUCT_NAME = "$(TARGET_NAME)";
				PROVISIONING_PROFILE_SPECIFIER = VR_Dev_Profile;
				SWIFT_VERSION = 4.2;
				TARGETED_DEVICE_FAMILY = 1;
			};
			name = Debug;
		};
		F2D0265721FC335200DCA09A /* Release */ = {
			isa = XCBuildConfiguration;
			buildSettings = {
				ASSETCATALOG_COMPILER_APPICON_NAME = AppIcon;
				CODE_SIGN_IDENTITY = "iPhone Distribution";
				CODE_SIGN_STYLE = Manual;
				DEVELOPMENT_TEAM = JZHS7Z7G7D;
				INFOPLIST_FILE = "$(SRCROOT)/LittleBusyboard/Infrastructure/Info.plist";
				IPHONEOS_DEPLOYMENT_TARGET = 9.3;
				LD_RUNPATH_SEARCH_PATHS = (
					"$(inherited)",
					"@executable_path/Frameworks",
				);
				PRODUCT_BUNDLE_IDENTIFIER = com.vrrn.baby.Littlebusyboard;
				PRODUCT_NAME = "$(TARGET_NAME)";
				PROVISIONING_PROFILE_SPECIFIER = VR_Distribution_Profile;
				SWIFT_VERSION = 4.2;
				TARGETED_DEVICE_FAMILY = 1;
			};
			name = Release;
		};
/* End XCBuildConfiguration section */

/* Begin XCConfigurationList section */
		F2D0263E21FC335000DCA09A /* Build configuration list for PBXProject "LittleBusyboard" */ = {
			isa = XCConfigurationList;
			buildConfigurations = (
				F2D0265321FC335200DCA09A /* Debug */,
				F2D0265421FC335200DCA09A /* Release */,
			);
			defaultConfigurationIsVisible = 0;
			defaultConfigurationName = Release;
		};
		F2D0265521FC335200DCA09A /* Build configuration list for PBXNativeTarget "LittleBusyboard" */ = {
			isa = XCConfigurationList;
			buildConfigurations = (
				F2D0265621FC335200DCA09A /* Debug */,
				F2D0265721FC335200DCA09A /* Release */,
			);
			defaultConfigurationIsVisible = 0;
			defaultConfigurationName = Release;
		};
/* End XCConfigurationList section */
	};
	rootObject = F2D0263B21FC335000DCA09A /* Project object */;
}
