// !$*UTF8*$!
{
	archiveVersion = 1;
	classes = {
	};
	objectVersion = 50;
	objects = {

/* Begin PBXBuildFile section */
		F272D97322087BAC0067B7DD /* SystemSound.swift in Sources */ = {isa = PBXBuildFile; fileRef = F272D97222087BAC0067B7DD /* SystemSound.swift */; };
		F272D97A220996650067B7DD /* ButtonTextures.json in Resources */ = {isa = PBXBuildFile; fileRef = F272D976220996650067B7DD /* ButtonTextures.json */; };
		F272D97B220996650067B7DD /* BoardsGroup_1.json in Resources */ = {isa = PBXBuildFile; fileRef = F272D977220996650067B7DD /* BoardsGroup_1.json */; };
		F272D97C220996650067B7DD /* BoardComponents.json in Resources */ = {isa = PBXBuildFile; fileRef = F272D978220996650067B7DD /* BoardComponents.json */; };
		F272D97D220996650067B7DD /* Backgrounds.json in Resources */ = {isa = PBXBuildFile; fileRef = F272D979220996650067B7DD /* Backgrounds.json */; };
		F272D98122099BC00067B7DD /* SystemSoundsIDs.json in Resources */ = {isa = PBXBuildFile; fileRef = F272D98022099BC00067B7DD /* SystemSoundsIDs.json */; };
		F272D98422099BF90067B7DD /* Actions.json in Resources */ = {isa = PBXBuildFile; fileRef = F272D98322099BF90067B7DD /* Actions.json */; };
		F272D988220AA84B0067B7DD /* BusyboardGroup.swift in Sources */ = {isa = PBXBuildFile; fileRef = F272D987220AA84B0067B7DD /* BusyboardGroup.swift */; };
		F272D98A220AD1F30067B7DD /* Board.json in Resources */ = {isa = PBXBuildFile; fileRef = F272D989220AD1F30067B7DD /* Board.json */; };
		F272D98C220AF0760067B7DD /* BoardComponents.swift in Sources */ = {isa = PBXBuildFile; fileRef = F272D98B220AF0760067B7DD /* BoardComponents.swift */; };
		F272D98E220B10590067B7DD /* Settings.swift in Sources */ = {isa = PBXBuildFile; fileRef = F272D98D220B10590067B7DD /* Settings.swift */; };
		F272D992220B2D860067B7DD /* SettingsViewController.swift in Sources */ = {isa = PBXBuildFile; fileRef = F272D990220B2D860067B7DD /* SettingsViewController.swift */; };
		F272D993220B2D860067B7DD /* SettingsViewController.xib in Resources */ = {isa = PBXBuildFile; fileRef = F272D991220B2D860067B7DD /* SettingsViewController.xib */; };
		F272D995220B70A60067B7DD /* Blanka-Regular.otf in Resources */ = {isa = PBXBuildFile; fileRef = F272D994220B70A60067B7DD /* Blanka-Regular.otf */; };
		F272D997220B74A80067B7DD /* Elianto-Regular.otf in Resources */ = {isa = PBXBuildFile; fileRef = F272D996220B74A80067B7DD /* Elianto-Regular.otf */; };
		F2B1A12A22035CE8007952CC /* PlaySoundAction.swift in Sources */ = {isa = PBXBuildFile; fileRef = F2B1A12922035CE8007952CC /* PlaySoundAction.swift */; };
		F2B1A12C22035D58007952CC /* BackgroundChangeAction.swift in Sources */ = {isa = PBXBuildFile; fileRef = F2B1A12B22035D58007952CC /* BackgroundChangeAction.swift */; };
		F2B1A12E22035D72007952CC /* ResizeElementAction.swift in Sources */ = {isa = PBXBuildFile; fileRef = F2B1A12D22035D72007952CC /* ResizeElementAction.swift */; };
		F2D026B321FC397F00DCA09A /* LaunchScreen.xib in Resources */ = {isa = PBXBuildFile; fileRef = F2D0269E21FC397F00DCA09A /* LaunchScreen.xib */; };
		F2D026B421FC397F00DCA09A /* Other.xcassets in Resources */ = {isa = PBXBuildFile; fileRef = F2D0269F21FC397F00DCA09A /* Other.xcassets */; };
		F2D026B521FC397F00DCA09A /* BoardComponent.swift in Sources */ = {isa = PBXBuildFile; fileRef = F2D026A121FC397F00DCA09A /* BoardComponent.swift */; };
		F2D026B621FC397F00DCA09A /* Busyboard.swift in Sources */ = {isa = PBXBuildFile; fileRef = F2D026A221FC397F00DCA09A /* Busyboard.swift */; };
		F2D026B721FC397F00DCA09A /* AppDelegate.swift in Sources */ = {isa = PBXBuildFile; fileRef = F2D026A421FC397F00DCA09A /* AppDelegate.swift */; };
		F2D026B921FC397F00DCA09A /* BusyboardLevelViewController.xib in Resources */ = {isa = PBXBuildFile; fileRef = F2D026A821FC397F00DCA09A /* BusyboardLevelViewController.xib */; };
		F2D026BA21FC397F00DCA09A /* BusyboardLevelViewController.swift in Sources */ = {isa = PBXBuildFile; fileRef = F2D026A921FC397F00DCA09A /* BusyboardLevelViewController.swift */; };
		F2D026BB21FC397F00DCA09A /* BusyboardLevelsListViewController.xib in Resources */ = {isa = PBXBuildFile; fileRef = F2D026AB21FC397F00DCA09A /* BusyboardLevelsListViewController.xib */; };
		F2D026BC21FC397F00DCA09A /* BusyboardLevelsListViewController.swift in Sources */ = {isa = PBXBuildFile; fileRef = F2D026AC21FC397F00DCA09A /* BusyboardLevelsListViewController.swift */; };
		F2D026BD21FC397F00DCA09A /* BusyboardTableViewCell.swift in Sources */ = {isa = PBXBuildFile; fileRef = F2D026AE21FC397F00DCA09A /* BusyboardTableViewCell.swift */; };
		F2D026BE21FC397F00DCA09A /* BusyboardTableViewCell.xib in Resources */ = {isa = PBXBuildFile; fileRef = F2D026AF21FC397F00DCA09A /* BusyboardTableViewCell.xib */; };
		F2D026BF21FC397F00DCA09A /* ProgressViewController.xib in Resources */ = {isa = PBXBuildFile; fileRef = F2D026B121FC397F00DCA09A /* ProgressViewController.xib */; };
		F2D026C021FC397F00DCA09A /* ProgressViewController.swift in Sources */ = {isa = PBXBuildFile; fileRef = F2D026B221FC397F00DCA09A /* ProgressViewController.swift */; };
		F2D026C221FC476300DCA09A /* Background.swift in Sources */ = {isa = PBXBuildFile; fileRef = F2D026C121FC476300DCA09A /* Background.swift */; };
		F2D026C421FC581E00DCA09A /* BaseTableViewCell.swift in Sources */ = {isa = PBXBuildFile; fileRef = F2D026C321FC581E00DCA09A /* BaseTableViewCell.swift */; };
		F2D026C621FC686500DCA09A /* BusyboardService.swift in Sources */ = {isa = PBXBuildFile; fileRef = F2D026C521FC686500DCA09A /* BusyboardService.swift */; };
		F2D026C821FCAA1E00DCA09A /* Backgrounds.xcassets in Resources */ = {isa = PBXBuildFile; fileRef = F2D026C721FCAA1E00DCA09A /* Backgrounds.xcassets */; };
		F2D026CA21FCAF7A00DCA09A /* Miniatures.xcassets in Resources */ = {isa = PBXBuildFile; fileRef = F2D026C921FCAF7A00DCA09A /* Miniatures.xcassets */; };
		F2D026CE21FCC98200DCA09A /* BoardComponents.xcassets in Resources */ = {isa = PBXBuildFile; fileRef = F2D026CD21FCC98200DCA09A /* BoardComponents.xcassets */; };
		F2D026D021FCD1C300DCA09A /* Colors.swift in Sources */ = {isa = PBXBuildFile; fileRef = F2D026CF21FCD1C300DCA09A /* Colors.swift */; };
		F2D026D721FDAD8F00DCA09A /* InfoPopUpViewController.swift in Sources */ = {isa = PBXBuildFile; fileRef = F2D026D521FDAD8F00DCA09A /* InfoPopUpViewController.swift */; };
		F2D026D821FDAD8F00DCA09A /* InfoPopUpViewController.xib in Resources */ = {isa = PBXBuildFile; fileRef = F2D026D621FDAD8F00DCA09A /* InfoPopUpViewController.xib */; };
		F2D026DD21FDB5E400DCA09A /* ComponetsLayouter.swift in Sources */ = {isa = PBXBuildFile; fileRef = F2D026DC21FDB5E400DCA09A /* ComponetsLayouter.swift */; };
		F2D026DF21FDD42C00DCA09A /* ComponentAction.swift in Sources */ = {isa = PBXBuildFile; fileRef = F2D026DE21FDD42C00DCA09A /* ComponentAction.swift */; };
		F2D026E121FDD5F300DCA09A /* Utils.swift in Sources */ = {isa = PBXBuildFile; fileRef = F2D026E021FDD5F300DCA09A /* Utils.swift */; };
		F2D026E321FDE99600DCA09A /* ButtonComponent.swift in Sources */ = {isa = PBXBuildFile; fileRef = F2D026E221FDE99600DCA09A /* ButtonComponent.swift */; };
		F2D026E521FDEAF300DCA09A /* LightbulbComponent.swift in Sources */ = {isa = PBXBuildFile; fileRef = F2D026E421FDEAF300DCA09A /* LightbulbComponent.swift */; };
		F2D026E921FDEE5A00DCA09A /* SwitchComponent.swift in Sources */ = {isa = PBXBuildFile; fileRef = F2D026E821FDEE5A00DCA09A /* SwitchComponent.swift */; };
		F2D026EC21FE26B400DCA09A /* SwitchLightAction.swift in Sources */ = {isa = PBXBuildFile; fileRef = F2D026EB21FE26B400DCA09A /* SwitchLightAction.swift */; };
/* End PBXBuildFile section */

/* Begin PBXFileReference section */
		F272D97222087BAC0067B7DD /* SystemSound.swift */ = {isa = PBXFileReference; lastKnownFileType = sourcecode.swift; path = SystemSound.swift; sourceTree = "<group>"; };
		F272D976220996650067B7DD /* ButtonTextures.json */ = {isa = PBXFileReference; fileEncoding = 4; lastKnownFileType = text.json; path = ButtonTextures.json; sourceTree = "<group>"; };
		F272D977220996650067B7DD /* BoardsGroup_1.json */ = {isa = PBXFileReference; fileEncoding = 4; lastKnownFileType = text.json; path = BoardsGroup_1.json; sourceTree = "<group>"; };
		F272D978220996650067B7DD /* BoardComponents.json */ = {isa = PBXFileReference; fileEncoding = 4; lastKnownFileType = text.json; path = BoardComponents.json; sourceTree = "<group>"; };
		F272D979220996650067B7DD /* Backgrounds.json */ = {isa = PBXFileReference; fileEncoding = 4; lastKnownFileType = text.json; path = Backgrounds.json; sourceTree = "<group>"; };
		F272D98022099BC00067B7DD /* SystemSoundsIDs.json */ = {isa = PBXFileReference; fileEncoding = 4; lastKnownFileType = text.json; path = SystemSoundsIDs.json; sourceTree = "<group>"; };
		F272D98322099BF90067B7DD /* Actions.json */ = {isa = PBXFileReference; fileEncoding = 4; lastKnownFileType = text.json; path = Actions.json; sourceTree = "<group>"; };
		F272D987220AA84B0067B7DD /* BusyboardGroup.swift */ = {isa = PBXFileReference; fileEncoding = 4; lastKnownFileType = sourcecode.swift; path = BusyboardGroup.swift; sourceTree = "<group>"; };
		F272D989220AD1F30067B7DD /* Board.json */ = {isa = PBXFileReference; fileEncoding = 4; lastKnownFileType = text.json; path = Board.json; sourceTree = "<group>"; };
		F272D98B220AF0760067B7DD /* BoardComponents.swift */ = {isa = PBXFileReference; lastKnownFileType = sourcecode.swift; path = BoardComponents.swift; sourceTree = "<group>"; };
		F272D98D220B10590067B7DD /* Settings.swift */ = {isa = PBXFileReference; lastKnownFileType = sourcecode.swift; path = Settings.swift; sourceTree = "<group>"; };
		F272D990220B2D860067B7DD /* SettingsViewController.swift */ = {isa = PBXFileReference; lastKnownFileType = sourcecode.swift; path = SettingsViewController.swift; sourceTree = "<group>"; };
		F272D991220B2D860067B7DD /* SettingsViewController.xib */ = {isa = PBXFileReference; lastKnownFileType = file.xib; path = SettingsViewController.xib; sourceTree = "<group>"; };
		F272D994220B70A60067B7DD /* Blanka-Regular.otf */ = {isa = PBXFileReference; lastKnownFileType = file; path = "Blanka-Regular.otf"; sourceTree = "<group>"; };
		F272D996220B74A80067B7DD /* Elianto-Regular.otf */ = {isa = PBXFileReference; lastKnownFileType = file; path = "Elianto-Regular.otf"; sourceTree = "<group>"; };
		F2B1A12922035CE8007952CC /* PlaySoundAction.swift */ = {isa = PBXFileReference; lastKnownFileType = sourcecode.swift; path = PlaySoundAction.swift; sourceTree = "<group>"; };
		F2B1A12B22035D58007952CC /* BackgroundChangeAction.swift */ = {isa = PBXFileReference; lastKnownFileType = sourcecode.swift; path = BackgroundChangeAction.swift; sourceTree = "<group>"; };
		F2B1A12D22035D72007952CC /* ResizeElementAction.swift */ = {isa = PBXFileReference; lastKnownFileType = sourcecode.swift; path = ResizeElementAction.swift; sourceTree = "<group>"; };
		F2D0264321FC335000DCA09A /* LittleBusyboard.app */ = {isa = PBXFileReference; explicitFileType = wrapper.application; includeInIndex = 0; path = LittleBusyboard.app; sourceTree = BUILT_PRODUCTS_DIR; };
		F2D0269E21FC397F00DCA09A /* LaunchScreen.xib */ = {isa = PBXFileReference; fileEncoding = 4; lastKnownFileType = file.xib; path = LaunchScreen.xib; sourceTree = "<group>"; };
		F2D0269F21FC397F00DCA09A /* Other.xcassets */ = {isa = PBXFileReference; lastKnownFileType = folder.assetcatalog; path = Other.xcassets; sourceTree = "<group>"; };
		F2D026A121FC397F00DCA09A /* BoardComponent.swift */ = {isa = PBXFileReference; fileEncoding = 4; lastKnownFileType = sourcecode.swift; path = BoardComponent.swift; sourceTree = "<group>"; };
		F2D026A221FC397F00DCA09A /* Busyboard.swift */ = {isa = PBXFileReference; fileEncoding = 4; lastKnownFileType = sourcecode.swift; path = Busyboard.swift; sourceTree = "<group>"; };
		F2D026A421FC397F00DCA09A /* AppDelegate.swift */ = {isa = PBXFileReference; fileEncoding = 4; lastKnownFileType = sourcecode.swift; path = AppDelegate.swift; sourceTree = "<group>"; };
		F2D026A521FC397F00DCA09A /* Info.plist */ = {isa = PBXFileReference; fileEncoding = 4; lastKnownFileType = text.plist.xml; path = Info.plist; sourceTree = "<group>"; };
		F2D026A821FC397F00DCA09A /* BusyboardLevelViewController.xib */ = {isa = PBXFileReference; fileEncoding = 4; lastKnownFileType = file.xib; path = BusyboardLevelViewController.xib; sourceTree = "<group>"; };
		F2D026A921FC397F00DCA09A /* BusyboardLevelViewController.swift */ = {isa = PBXFileReference; fileEncoding = 4; lastKnownFileType = sourcecode.swift; path = BusyboardLevelViewController.swift; sourceTree = "<group>"; };
		F2D026AB21FC397F00DCA09A /* BusyboardLevelsListViewController.xib */ = {isa = PBXFileReference; fileEncoding = 4; lastKnownFileType = file.xib; path = BusyboardLevelsListViewController.xib; sourceTree = "<group>"; };
		F2D026AC21FC397F00DCA09A /* BusyboardLevelsListViewController.swift */ = {isa = PBXFileReference; fileEncoding = 4; lastKnownFileType = sourcecode.swift; path = BusyboardLevelsListViewController.swift; sourceTree = "<group>"; };
		F2D026AE21FC397F00DCA09A /* BusyboardTableViewCell.swift */ = {isa = PBXFileReference; fileEncoding = 4; lastKnownFileType = sourcecode.swift; path = BusyboardTableViewCell.swift; sourceTree = "<group>"; };
		F2D026AF21FC397F00DCA09A /* BusyboardTableViewCell.xib */ = {isa = PBXFileReference; fileEncoding = 4; lastKnownFileType = file.xib; path = BusyboardTableViewCell.xib; sourceTree = "<group>"; };
		F2D026B121FC397F00DCA09A /* ProgressViewController.xib */ = {isa = PBXFileReference; fileEncoding = 4; lastKnownFileType = file.xib; path = ProgressViewController.xib; sourceTree = "<group>"; };
		F2D026B221FC397F00DCA09A /* ProgressViewController.swift */ = {isa = PBXFileReference; fileEncoding = 4; lastKnownFileType = sourcecode.swift; path = ProgressViewController.swift; sourceTree = "<group>"; };
		F2D026C121FC476300DCA09A /* Background.swift */ = {isa = PBXFileReference; lastKnownFileType = sourcecode.swift; path = Background.swift; sourceTree = "<group>"; };
		F2D026C321FC581E00DCA09A /* BaseTableViewCell.swift */ = {isa = PBXFileReference; lastKnownFileType = sourcecode.swift; path = BaseTableViewCell.swift; sourceTree = "<group>"; };
		F2D026C521FC686500DCA09A /* BusyboardService.swift */ = {isa = PBXFileReference; lastKnownFileType = sourcecode.swift; path = BusyboardService.swift; sourceTree = "<group>"; };
		F2D026C721FCAA1E00DCA09A /* Backgrounds.xcassets */ = {isa = PBXFileReference; lastKnownFileType = folder.assetcatalog; path = Backgrounds.xcassets; sourceTree = "<group>"; };
		F2D026C921FCAF7A00DCA09A /* Miniatures.xcassets */ = {isa = PBXFileReference; lastKnownFileType = folder.assetcatalog; path = Miniatures.xcassets; sourceTree = "<group>"; };
		F2D026CD21FCC98200DCA09A /* BoardComponents.xcassets */ = {isa = PBXFileReference; lastKnownFileType = folder.assetcatalog; path = BoardComponents.xcassets; sourceTree = "<group>"; };
		F2D026CF21FCD1C300DCA09A /* Colors.swift */ = {isa = PBXFileReference; lastKnownFileType = sourcecode.swift; path = Colors.swift; sourceTree = "<group>"; };
		F2D026D521FDAD8F00DCA09A /* InfoPopUpViewController.swift */ = {isa = PBXFileReference; lastKnownFileType = sourcecode.swift; path = InfoPopUpViewController.swift; sourceTree = "<group>"; };
		F2D026D621FDAD8F00DCA09A /* InfoPopUpViewController.xib */ = {isa = PBXFileReference; lastKnownFileType = file.xib; path = InfoPopUpViewController.xib; sourceTree = "<group>"; };
		F2D026DC21FDB5E400DCA09A /* ComponetsLayouter.swift */ = {isa = PBXFileReference; lastKnownFileType = sourcecode.swift; path = ComponetsLayouter.swift; sourceTree = "<group>"; };
		F2D026DE21FDD42C00DCA09A /* ComponentAction.swift */ = {isa = PBXFileReference; lastKnownFileType = sourcecode.swift; path = ComponentAction.swift; sourceTree = "<group>"; };
		F2D026E021FDD5F300DCA09A /* Utils.swift */ = {isa = PBXFileReference; lastKnownFileType = sourcecode.swift; path = Utils.swift; sourceTree = "<group>"; };
		F2D026E221FDE99600DCA09A /* ButtonComponent.swift */ = {isa = PBXFileReference; lastKnownFileType = sourcecode.swift; path = ButtonComponent.swift; sourceTree = "<group>"; };
		F2D026E421FDEAF300DCA09A /* LightbulbComponent.swift */ = {isa = PBXFileReference; lastKnownFileType = sourcecode.swift; path = LightbulbComponent.swift; sourceTree = "<group>"; };
		F2D026E821FDEE5A00DCA09A /* SwitchComponent.swift */ = {isa = PBXFileReference; lastKnownFileType = sourcecode.swift; path = SwitchComponent.swift; sourceTree = "<group>"; };
		F2D026EB21FE26B400DCA09A /* SwitchLightAction.swift */ = {isa = PBXFileReference; lastKnownFileType = sourcecode.swift; path = SwitchLightAction.swift; sourceTree = "<group>"; };
/* End PBXFileReference section */

/* Begin PBXFrameworksBuildPhase section */
		F2D0264021FC335000DCA09A /* Frameworks */ = {
			isa = PBXFrameworksBuildPhase;
			buildActionMask = 2147483647;
			files = (
			);
			runOnlyForDeploymentPostprocessing = 0;
		};
/* End PBXFrameworksBuildPhase section */

/* Begin PBXGroup section */
		F272D975220996650067B7DD /* Stubs */ = {
			isa = PBXGroup;
			children = (
				F272D98322099BF90067B7DD /* Actions.json */,
				F272D976220996650067B7DD /* ButtonTextures.json */,
				F272D989220AD1F30067B7DD /* Board.json */,
				F272D977220996650067B7DD /* BoardsGroup_1.json */,
				F272D978220996650067B7DD /* BoardComponents.json */,
				F272D979220996650067B7DD /* Backgrounds.json */,
			);
			path = Stubs;
			sourceTree = "<group>";
		};
		F272D97E220996770067B7DD /* Images */ = {
			isa = PBXGroup;
			children = (
				F2D0269F21FC397F00DCA09A /* Other.xcassets */,
				F2D026CD21FCC98200DCA09A /* BoardComponents.xcassets */,
				F2D026C721FCAA1E00DCA09A /* Backgrounds.xcassets */,
				F2D026C921FCAF7A00DCA09A /* Miniatures.xcassets */,
			);
			path = Images;
			sourceTree = "<group>";
		};
		F272D97F2209968D0067B7DD /* Fonts */ = {
			isa = PBXGroup;
			children = (
				F272D996220B74A80067B7DD /* Elianto-Regular.otf */,
				F272D994220B70A60067B7DD /* Blanka-Regular.otf */,
			);
			path = Fonts;
			sourceTree = "<group>";
		};
		F272D98222099BCE0067B7DD /* Sounds */ = {
			isa = PBXGroup;
			children = (
				F272D98022099BC00067B7DD /* SystemSoundsIDs.json */,
			);
			path = Sounds;
			sourceTree = "<group>";
		};
		F272D98F220B2D6D0067B7DD /* Settings */ = {
			isa = PBXGroup;
			children = (
				F272D990220B2D860067B7DD /* SettingsViewController.swift */,
				F272D991220B2D860067B7DD /* SettingsViewController.xib */,
			);
			path = Settings;
			sourceTree = "<group>";
		};
		F2B1A12F220479F4007952CC /* Stories */ = {
			isa = PBXGroup;
			children = (
				F2D026AA21FC397F00DCA09A /* List */,
				F2D026A721FC397F00DCA09A /* Details */,
				F2D026D921FDAD9900DCA09A /* Info */,
				F272D98F220B2D6D0067B7DD /* Settings */,
			);
			path = Stories;
			sourceTree = "<group>";
		};
		F2B1A13622073D17007952CC /* ComponentActions */ = {
			isa = PBXGroup;
			children = (
				F2D026DE21FDD42C00DCA09A /* ComponentAction.swift */,
				F2D026EA21FE268300DCA09A /* CustomActions */,
			);
			path = ComponentActions;
			sourceTree = "<group>";
		};
		F2D0263A21FC335000DCA09A = {
			isa = PBXGroup;
			children = (
				F2D0269C21FC397F00DCA09A /* LittleBusyboard */,
				F2D0264421FC335000DCA09A /* Products */,
			);
			sourceTree = "<group>";
		};
		F2D0264421FC335000DCA09A /* Products */ = {
			isa = PBXGroup;
			children = (
				F2D0264321FC335000DCA09A /* LittleBusyboard.app */,
			);
			name = Products;
			sourceTree = "<group>";
		};
		F2D0269C21FC397F00DCA09A /* LittleBusyboard */ = {
			isa = PBXGroup;
			children = (
				F2D026A321FC397F00DCA09A /* Infrastructure */,
				F2D026CC21FCB3B600DCA09A /* Services */,
				F2D026A021FC397F00DCA09A /* Models */,
				F2D026A621FC397F00DCA09A /* Presentation */,
				F2D0269D21FC397F00DCA09A /* Resources */,
			);
			path = LittleBusyboard;
			sourceTree = "<group>";
		};
		F2D0269D21FC397F00DCA09A /* Resources */ = {
			isa = PBXGroup;
			children = (
				F272D97F2209968D0067B7DD /* Fonts */,
				F272D98222099BCE0067B7DD /* Sounds */,
				F272D97E220996770067B7DD /* Images */,
				F272D975220996650067B7DD /* Stubs */,
				F2D0269E21FC397F00DCA09A /* LaunchScreen.xib */,
			);
			path = Resources;
			sourceTree = "<group>";
		};
		F2D026A021FC397F00DCA09A /* Models */ = {
			isa = PBXGroup;
			children = (
				F272D987220AA84B0067B7DD /* BusyboardGroup.swift */,
				F2D026A221FC397F00DCA09A /* Busyboard.swift */,
				F2D026C121FC476300DCA09A /* Background.swift */,
				F272D97222087BAC0067B7DD /* SystemSound.swift */,
				F272D98D220B10590067B7DD /* Settings.swift */,
				F2B1A13622073D17007952CC /* ComponentActions */,
				F2D026E621FDEB9A00DCA09A /* BoardComponets */,
			);
			path = Models;
			sourceTree = "<group>";
		};
		F2D026A321FC397F00DCA09A /* Infrastructure */ = {
			isa = PBXGroup;
			children = (
				F2D026A421FC397F00DCA09A /* AppDelegate.swift */,
				F2D026A521FC397F00DCA09A /* Info.plist */,
			);
			path = Infrastructure;
			sourceTree = "<group>";
		};
		F2D026A621FC397F00DCA09A /* Presentation */ = {
			isa = PBXGroup;
			children = (
				F2D026B021FC397F00DCA09A /* AdditionalUI */,
				F2D026CB21FCB38600DCA09A /* UIInfrastructure */,
				F2B1A12F220479F4007952CC /* Stories */,
			);
			path = Presentation;
			sourceTree = "<group>";
		};
		F2D026A721FC397F00DCA09A /* Details */ = {
			isa = PBXGroup;
			children = (
				F2D026A921FC397F00DCA09A /* BusyboardLevelViewController.swift */,
				F2D026A821FC397F00DCA09A /* BusyboardLevelViewController.xib */,
			);
			path = Details;
			sourceTree = "<group>";
		};
		F2D026AA21FC397F00DCA09A /* List */ = {
			isa = PBXGroup;
			children = (
				F2D026AC21FC397F00DCA09A /* BusyboardLevelsListViewController.swift */,
				F2D026AB21FC397F00DCA09A /* BusyboardLevelsListViewController.xib */,
				F2D026AD21FC397F00DCA09A /* Cell */,
			);
			path = List;
			sourceTree = "<group>";
		};
		F2D026AD21FC397F00DCA09A /* Cell */ = {
			isa = PBXGroup;
			children = (
				F2D026AE21FC397F00DCA09A /* BusyboardTableViewCell.swift */,
				F2D026AF21FC397F00DCA09A /* BusyboardTableViewCell.xib */,
			);
			path = Cell;
			sourceTree = "<group>";
		};
		F2D026B021FC397F00DCA09A /* AdditionalUI */ = {
			isa = PBXGroup;
			children = (
				F2D026B221FC397F00DCA09A /* ProgressViewController.swift */,
				F2D026B121FC397F00DCA09A /* ProgressViewController.xib */,
			);
			path = AdditionalUI;
			sourceTree = "<group>";
		};
		F2D026CB21FCB38600DCA09A /* UIInfrastructure */ = {
			isa = PBXGroup;
			children = (
				F2D026C321FC581E00DCA09A /* BaseTableViewCell.swift */,
				F2D026CF21FCD1C300DCA09A /* Colors.swift */,
			);
			path = UIInfrastructure;
			sourceTree = "<group>";
		};
		F2D026CC21FCB3B600DCA09A /* Services */ = {
			isa = PBXGroup;
			children = (
				F2D026C521FC686500DCA09A /* BusyboardService.swift */,
				F2D026DC21FDB5E400DCA09A /* ComponetsLayouter.swift */,
				F2D026E021FDD5F300DCA09A /* Utils.swift */,
			);
			path = Services;
			sourceTree = "<group>";
		};
		F2D026D921FDAD9900DCA09A /* Info */ = {
			isa = PBXGroup;
			children = (
				F2D026D521FDAD8F00DCA09A /* InfoPopUpViewController.swift */,
				F2D026D621FDAD8F00DCA09A /* InfoPopUpViewController.xib */,
			);
			path = Info;
			sourceTree = "<group>";
		};
		F2D026E621FDEB9A00DCA09A /* BoardComponets */ = {
			isa = PBXGroup;
			children = (
				F2D026A121FC397F00DCA09A /* BoardComponent.swift */,
				F272D98B220AF0760067B7DD /* BoardComponents.swift */,
				F2D026E721FDEBC900DCA09A /* CustomComponents */,
			);
			path = BoardComponets;
			sourceTree = "<group>";
		};
		F2D026E721FDEBC900DCA09A /* CustomComponents */ = {
			isa = PBXGroup;
			children = (
				F2D026E221FDE99600DCA09A /* ButtonComponent.swift */,
				F2D026E821FDEE5A00DCA09A /* SwitchComponent.swift */,
				F2D026E421FDEAF300DCA09A /* LightbulbComponent.swift */,
			);
			path = CustomComponents;
			sourceTree = "<group>";
		};
		F2D026EA21FE268300DCA09A /* CustomActions */ = {
			isa = PBXGroup;
			children = (
				F2D026EB21FE26B400DCA09A /* SwitchLightAction.swift */,
				F2B1A12922035CE8007952CC /* PlaySoundAction.swift */,
				F2B1A12B22035D58007952CC /* BackgroundChangeAction.swift */,
				F2B1A12D22035D72007952CC /* ResizeElementAction.swift */,
			);
			path = CustomActions;
			sourceTree = "<group>";
		};
/* End PBXGroup section */

/* Begin PBXNativeTarget section */
		F2D0264221FC335000DCA09A /* LittleBusyboard */ = {
			isa = PBXNativeTarget;
			buildConfigurationList = F2D0265521FC335200DCA09A /* Build configuration list for PBXNativeTarget "LittleBusyboard" */;
			buildPhases = (
				F2D0263F21FC335000DCA09A /* Sources */,
				F2D0264021FC335000DCA09A /* Frameworks */,
				F2D0264121FC335000DCA09A /* Resources */,
			);
			buildRules = (
			);
			dependencies = (
			);
			name = LittleBusyboard;
			productName = LittleBusyboard;
			productReference = F2D0264321FC335000DCA09A /* LittleBusyboard.app */;
			productType = "com.apple.product-type.application";
		};
/* End PBXNativeTarget section */

/* Begin PBXProject section */
		F2D0263B21FC335000DCA09A /* Project object */ = {
			isa = PBXProject;
			attributes = {
				LastSwiftUpdateCheck = 1010;
				LastUpgradeCheck = 1010;
				ORGANIZATIONNAME = VR/RN;
				TargetAttributes = {
					F2D0264221FC335000DCA09A = {
						CreatedOnToolsVersion = 10.1;
					};
				};
			};
			buildConfigurationList = F2D0263E21FC335000DCA09A /* Build configuration list for PBXProject "LittleBusyboard" */;
			compatibilityVersion = "Xcode 9.3";
			developmentRegion = en;
			hasScannedForEncodings = 0;
			knownRegions = (
				en,
				Base,
			);
			mainGroup = F2D0263A21FC335000DCA09A;
			productRefGroup = F2D0264421FC335000DCA09A /* Products */;
			projectDirPath = "";
			projectRoot = "";
			targets = (
				F2D0264221FC335000DCA09A /* LittleBusyboard */,
			);
		};
/* End PBXProject section */

/* Begin PBXResourcesBuildPhase section */
		F2D0264121FC335000DCA09A /* Resources */ = {
			isa = PBXResourcesBuildPhase;
			buildActionMask = 2147483647;
			files = (
				F2D026CA21FCAF7A00DCA09A /* Miniatures.xcassets in Resources */,
				F272D993220B2D860067B7DD /* SettingsViewController.xib in Resources */,
				F272D98122099BC00067B7DD /* SystemSoundsIDs.json in Resources */,
				F272D97C220996650067B7DD /* BoardComponents.json in Resources */,
				F2D026C821FCAA1E00DCA09A /* Backgrounds.xcassets in Resources */,
				F2D026CE21FCC98200DCA09A /* BoardComponents.xcassets in Resources */,
				F272D98422099BF90067B7DD /* Actions.json in Resources */,
				F2D026D821FDAD8F00DCA09A /* InfoPopUpViewController.xib in Resources */,
				F2D026BF21FC397F00DCA09A /* ProgressViewController.xib in Resources */,
				F272D995220B70A60067B7DD /* Blanka-Regular.otf in Resources */,
				F2D026B421FC397F00DCA09A /* Other.xcassets in Resources */,
				F272D97D220996650067B7DD /* Backgrounds.json in Resources */,
				F2D026BE21FC397F00DCA09A /* BusyboardTableViewCell.xib in Resources */,
				F272D997220B74A80067B7DD /* Elianto-Regular.otf in Resources */,
				F272D98A220AD1F30067B7DD /* Board.json in Resources */,
				F2D026B321FC397F00DCA09A /* LaunchScreen.xib in Resources */,
				F272D97A220996650067B7DD /* ButtonTextures.json in Resources */,
				F2D026B921FC397F00DCA09A /* BusyboardLevelViewController.xib in Resources */,
				F272D97B220996650067B7DD /* BoardsGroup_1.json in Resources */,
				F2D026BB21FC397F00DCA09A /* BusyboardLevelsListViewController.xib in Resources */,
			);
			runOnlyForDeploymentPostprocessing = 0;
		};
/* End PBXResourcesBuildPhase section */

/* Begin PBXSourcesBuildPhase section */
		F2D0263F21FC335000DCA09A /* Sources */ = {
			isa = PBXSourcesBuildPhase;
			buildActionMask = 2147483647;
			files = (
				F2D026DD21FDB5E400DCA09A /* ComponetsLayouter.swift in Sources */,
				F272D98C220AF0760067B7DD /* BoardComponents.swift in Sources */,
				F272D98E220B10590067B7DD /* Settings.swift in Sources */,
				F2D026DF21FDD42C00DCA09A /* ComponentAction.swift in Sources */,
				F2D026B721FC397F00DCA09A /* AppDelegate.swift in Sources */,
				F2D026D021FCD1C300DCA09A /* Colors.swift in Sources */,
				F2D026B521FC397F00DCA09A /* BoardComponent.swift in Sources */,
				F2B1A12C22035D58007952CC /* BackgroundChangeAction.swift in Sources */,
				F2D026B621FC397F00DCA09A /* Busyboard.swift in Sources */,
				F2D026EC21FE26B400DCA09A /* SwitchLightAction.swift in Sources */,
				F2D026C221FC476300DCA09A /* Background.swift in Sources */,
				F2D026E321FDE99600DCA09A /* ButtonComponent.swift in Sources */,
				F2D026E521FDEAF300DCA09A /* LightbulbComponent.swift in Sources */,
				F2B1A12E22035D72007952CC /* ResizeElementAction.swift in Sources */,
				F2D026C421FC581E00DCA09A /* BaseTableViewCell.swift in Sources */,
				F2D026E121FDD5F300DCA09A /* Utils.swift in Sources */,
				F2D026D721FDAD8F00DCA09A /* InfoPopUpViewController.swift in Sources */,
				F272D988220AA84B0067B7DD /* BusyboardGroup.swift in Sources */,
				F2D026C621FC686500DCA09A /* BusyboardService.swift in Sources */,
				F2D026C021FC397F00DCA09A /* ProgressViewController.swift in Sources */,
				F2D026BD21FC397F00DCA09A /* BusyboardTableViewCell.swift in Sources */,
				F2D026E921FDEE5A00DCA09A /* SwitchComponent.swift in Sources */,
				F2D026BA21FC397F00DCA09A /* BusyboardLevelViewController.swift in Sources */,
				F2D026BC21FC397F00DCA09A /* BusyboardLevelsListViewController.swift in Sources */,
				F272D97322087BAC0067B7DD /* SystemSound.swift in Sources */,
				F2B1A12A22035CE8007952CC /* PlaySoundAction.swift in Sources */,
				F272D992220B2D860067B7DD /* SettingsViewController.swift in Sources */,
			);
			runOnlyForDeploymentPostprocessing = 0;
		};
/* End PBXSourcesBuildPhase section */

/* Begin XCBuildConfiguration section */
		F2D0265321FC335200DCA09A /* Debug */ = {
			isa = XCBuildConfiguration;
			buildSettings = {
				ALWAYS_SEARCH_USER_PATHS = NO;
				CLANG_ANALYZER_NONNULL = YES;
				CLANG_ANALYZER_NUMBER_OBJECT_CONVERSION = YES_AGGRESSIVE;
				CLANG_CXX_LANGUAGE_STANDARD = "gnu++14";
				CLANG_CXX_LIBRARY = "libc++";
				CLANG_ENABLE_MODULES = YES;
				CLANG_ENABLE_OBJC_ARC = YES;
				CLANG_ENABLE_OBJC_WEAK = YES;
				CLANG_WARN_BLOCK_CAPTURE_AUTORELEASING = YES;
				CLANG_WARN_BOOL_CONVERSION = YES;
				CLANG_WARN_COMMA = YES;
				CLANG_WARN_CONSTANT_CONVERSION = YES;
				CLANG_WARN_DEPRECATED_OBJC_IMPLEMENTATIONS = YES;
				CLANG_WARN_DIRECT_OBJC_ISA_USAGE = YES_ERROR;
				CLANG_WARN_DOCUMENTATION_COMMENTS = YES;
				CLANG_WARN_EMPTY_BODY = YES;
				CLANG_WARN_ENUM_CONVERSION = YES;
				CLANG_WARN_INFINITE_RECURSION = YES;
				CLANG_WARN_INT_CONVERSION = YES;
				CLANG_WARN_NON_LITERAL_NULL_CONVERSION = YES;
				CLANG_WARN_OBJC_IMPLICIT_RETAIN_SELF = YES;
				CLANG_WARN_OBJC_LITERAL_CONVERSION = YES;
				CLANG_WARN_OBJC_ROOT_CLASS = YES_ERROR;
				CLANG_WARN_RANGE_LOOP_ANALYSIS = YES;
				CLANG_WARN_STRICT_PROTOTYPES = YES;
				CLANG_WARN_SUSPICIOUS_MOVE = YES;
				CLANG_WARN_UNGUARDED_AVAILABILITY = YES_AGGRESSIVE;
				CLANG_WARN_UNREACHABLE_CODE = YES;
				CLANG_WARN__DUPLICATE_METHOD_MATCH = YES;
				CODE_SIGN_IDENTITY = "iPhone Developer";
				COPY_PHASE_STRIP = NO;
				DEBUG_INFORMATION_FORMAT = dwarf;
				ENABLE_STRICT_OBJC_MSGSEND = YES;
				ENABLE_TESTABILITY = YES;
				GCC_C_LANGUAGE_STANDARD = gnu11;
				GCC_DYNAMIC_NO_PIC = NO;
				GCC_NO_COMMON_BLOCKS = YES;
				GCC_OPTIMIZATION_LEVEL = 0;
				GCC_PREPROCESSOR_DEFINITIONS = (
					"DEBUG=1",
					"$(inherited)",
				);
				GCC_WARN_64_TO_32_BIT_CONVERSION = YES;
				GCC_WARN_ABOUT_RETURN_TYPE = YES_ERROR;
				GCC_WARN_UNDECLARED_SELECTOR = YES;
				GCC_WARN_UNINITIALIZED_AUTOS = YES_AGGRESSIVE;
				GCC_WARN_UNUSED_FUNCTION = YES;
				GCC_WARN_UNUSED_VARIABLE = YES;
				IPHONEOS_DEPLOYMENT_TARGET = 12.1;
				MTL_ENABLE_DEBUG_INFO = INCLUDE_SOURCE;
				MTL_FAST_MATH = YES;
				ONLY_ACTIVE_ARCH = YES;
				SDKROOT = iphoneos;
				SWIFT_ACTIVE_COMPILATION_CONDITIONS = DEBUG;
				SWIFT_OPTIMIZATION_LEVEL = "-Onone";
			};
			name = Debug;
		};
		F2D0265421FC335200DCA09A /* Release */ = {
			isa = XCBuildConfiguration;
			buildSettings = {
				ALWAYS_SEARCH_USER_PATHS = NO;
				CLANG_ANALYZER_NONNULL = YES;
				CLANG_ANALYZER_NUMBER_OBJECT_CONVERSION = YES_AGGRESSIVE;
				CLANG_CXX_LANGUAGE_STANDARD = "gnu++14";
				CLANG_CXX_LIBRARY = "libc++";
				CLANG_ENABLE_MODULES = YES;
				CLANG_ENABLE_OBJC_ARC = YES;
				CLANG_ENABLE_OBJC_WEAK = YES;
				CLANG_WARN_BLOCK_CAPTURE_AUTORELEASING = YES;
				CLANG_WARN_BOOL_CONVERSION = YES;
				CLANG_WARN_COMMA = YES;
				CLANG_WARN_CONSTANT_CONVERSION = YES;
				CLANG_WARN_DEPRECATED_OBJC_IMPLEMENTATIONS = YES;
				CLANG_WARN_DIRECT_OBJC_ISA_USAGE = YES_ERROR;
				CLANG_WARN_DOCUMENTATION_COMMENTS = YES;
				CLANG_WARN_EMPTY_BODY = YES;
				CLANG_WARN_ENUM_CONVERSION = YES;
				CLANG_WARN_INFINITE_RECURSION = YES;
				CLANG_WARN_INT_CONVERSION = YES;
				CLANG_WARN_NON_LITERAL_NULL_CONVERSION = YES;
				CLANG_WARN_OBJC_IMPLICIT_RETAIN_SELF = YES;
				CLANG_WARN_OBJC_LITERAL_CONVERSION = YES;
				CLANG_WARN_OBJC_ROOT_CLASS = YES_ERROR;
				CLANG_WARN_RANGE_LOOP_ANALYSIS = YES;
				CLANG_WARN_STRICT_PROTOTYPES = YES;
				CLANG_WARN_SUSPICIOUS_MOVE = YES;
				CLANG_WARN_UNGUARDED_AVAILABILITY = YES_AGGRESSIVE;
				CLANG_WARN_UNREACHABLE_CODE = YES;
				CLANG_WARN__DUPLICATE_METHOD_MATCH = YES;
				CODE_SIGN_IDENTITY = "iPhone Developer";
				COPY_PHASE_STRIP = NO;
				DEBUG_INFORMATION_FORMAT = "dwarf-with-dsym";
				ENABLE_NS_ASSERTIONS = NO;
				ENABLE_STRICT_OBJC_MSGSEND = YES;
				GCC_C_LANGUAGE_STANDARD = gnu11;
				GCC_NO_COMMON_BLOCKS = YES;
				GCC_WARN_64_TO_32_BIT_CONVERSION = YES;
				GCC_WARN_ABOUT_RETURN_TYPE = YES_ERROR;
				GCC_WARN_UNDECLARED_SELECTOR = YES;
				GCC_WARN_UNINITIALIZED_AUTOS = YES_AGGRESSIVE;
				GCC_WARN_UNUSED_FUNCTION = YES;
				GCC_WARN_UNUSED_VARIABLE = YES;
				IPHONEOS_DEPLOYMENT_TARGET = 12.1;
				MTL_ENABLE_DEBUG_INFO = NO;
				MTL_FAST_MATH = YES;
				SDKROOT = iphoneos;
				SWIFT_COMPILATION_MODE = wholemodule;
				SWIFT_OPTIMIZATION_LEVEL = "-O";
				VALIDATE_PRODUCT = YES;
			};
			name = Release;
		};
		F2D0265621FC335200DCA09A /* Debug */ = {
			isa = XCBuildConfiguration;
			buildSettings = {
				ASSETCATALOG_COMPILER_APPICON_NAME = AppIcon;
				CODE_SIGN_STYLE = Manual;
				DEVELOPMENT_TEAM = JZHS7Z7G7D;
				INFOPLIST_FILE = "$(SRCROOT)/LittleBusyboard/Infrastructure/Info.plist";
				IPHONEOS_DEPLOYMENT_TARGET = 9.3;
				LD_RUNPATH_SEARCH_PATHS = (
					"$(inherited)",
					"@executable_path/Frameworks",
				);
				PRODUCT_BUNDLE_IDENTIFIER = com.vrrn.baby.Littlebusyboard;
				PRODUCT_NAME = "$(TARGET_NAME)";
				PROVISIONING_PROFILE_SPECIFIER = VR_Dev_Profile;
				SWIFT_VERSION = 4.2;
				TARGETED_DEVICE_FAMILY = 1;
			};
			name = Debug;
		};
		F2D0265721FC335200DCA09A /* Release */ = {
			isa = XCBuildConfiguration;
			buildSettings = {
				ASSETCATALOG_COMPILER_APPICON_NAME = AppIcon;
				CODE_SIGN_IDENTITY = "iPhone Distribution";
				CODE_SIGN_STYLE = Manual;
				DEVELOPMENT_TEAM = JZHS7Z7G7D;
				INFOPLIST_FILE = "$(SRCROOT)/LittleBusyboard/Infrastructure/Info.plist";
				IPHONEOS_DEPLOYMENT_TARGET = 9.3;
				LD_RUNPATH_SEARCH_PATHS = (
					"$(inherited)",
					"@executable_path/Frameworks",
				);
				PRODUCT_BUNDLE_IDENTIFIER = com.vrrn.baby.Littlebusyboard;
				PRODUCT_NAME = "$(TARGET_NAME)";
				PROVISIONING_PROFILE_SPECIFIER = VR_Distribution_Profile;
				SWIFT_VERSION = 4.2;
				TARGETED_DEVICE_FAMILY = 1;
			};
			name = Release;
		};
/* End XCBuildConfiguration section */

/* Begin XCConfigurationList section */
		F2D0263E21FC335000DCA09A /* Build configuration list for PBXProject "LittleBusyboard" */ = {
			isa = XCConfigurationList;
			buildConfigurations = (
				F2D0265321FC335200DCA09A /* Debug */,
				F2D0265421FC335200DCA09A /* Release */,
			);
			defaultConfigurationIsVisible = 0;
			defaultConfigurationName = Release;
		};
		F2D0265521FC335200DCA09A /* Build configuration list for PBXNativeTarget "LittleBusyboard" */ = {
			isa = XCConfigurationList;
			buildConfigurations = (
				F2D0265621FC335200DCA09A /* Debug */,
				F2D0265721FC335200DCA09A /* Release */,
			);
			defaultConfigurationIsVisible = 0;
			defaultConfigurationName = Release;
		};
/* End XCConfigurationList section */
	};
	rootObject = F2D0263B21FC335000DCA09A /* Project object */;
}
