// !$*UTF8*$!
{
	archiveVersion = 1;
	classes = {
	};
	objectVersion = 50;
	objects = {

/* Begin PBXBuildFile section */
		F2D0260621F9D8FC00DCA09A /* AppDelegate.swift in Sources */ = {isa = PBXBuildFile; fileRef = F2D0260521F9D8FC00DCA09A /* AppDelegate.swift */; };
		F2D0260D21F9D8FD00DCA09A /* Assets.xcassets in Resources */ = {isa = PBXBuildFile; fileRef = F2D0260C21F9D8FD00DCA09A /* Assets.xcassets */; };
		F2D0261D21F9DA5500DCA09A /* LaunchScreen.xib in Resources */ = {isa = PBXBuildFile; fileRef = F2D0261C21F9DA5500DCA09A /* LaunchScreen.xib */; };
		F2D0262321FA20C700DCA09A /* BusyboardLevelsListViewController.swift in Sources */ = {isa = PBXBuildFile; fileRef = F2D0262121FA20C700DCA09A /* BusyboardLevelsListViewController.swift */; };
		F2D0262421FA20C700DCA09A /* BusyBoardsListViewController.xib in Resources */ = {isa = PBXBuildFile; fileRef = F2D0262221FA20C700DCA09A /* BusyBoardsListViewController.xib */; };
		F2D0262721FA217800DCA09A /* Busyboard.swift in Sources */ = {isa = PBXBuildFile; fileRef = F2D0262621FA217800DCA09A /* Busyboard.swift */; };
		F2D0262B21FA21E700DCA09A /* ProgressViewController.swift in Sources */ = {isa = PBXBuildFile; fileRef = F2D0262921FA21E700DCA09A /* ProgressViewController.swift */; };
		F2D0262C21FA21E700DCA09A /* ProgressViewController.xib in Resources */ = {isa = PBXBuildFile; fileRef = F2D0262A21FA21E700DCA09A /* ProgressViewController.xib */; };
		F2D0262F21FA24F100DCA09A /* BusyboardTableViewCell.swift in Sources */ = {isa = PBXBuildFile; fileRef = F2D0262D21FA24F100DCA09A /* BusyboardTableViewCell.swift */; };
		F2D0263021FA24F100DCA09A /* BusyboardTableViewCell.xib in Resources */ = {isa = PBXBuildFile; fileRef = F2D0262E21FA24F100DCA09A /* BusyboardTableViewCell.xib */; };
		F2D0263621FA296000DCA09A /* BusyboardLevelViewController.swift in Sources */ = {isa = PBXBuildFile; fileRef = F2D0263421FA296000DCA09A /* BusyboardLevelViewController.swift */; };
		F2D0263721FA296000DCA09A /* BusyboardViewController.xib in Resources */ = {isa = PBXBuildFile; fileRef = F2D0263521FA296000DCA09A /* BusyboardViewController.xib */; };
		F2D0263921FA2A0900DCA09A /* BoardComponent.swift in Sources */ = {isa = PBXBuildFile; fileRef = F2D0263821FA2A0900DCA09A /* BoardComponent.swift */; };
/* End PBXBuildFile section */

/* Begin PBXFileReference section */
		F2D0260221F9D8FC00DCA09A /* LittleBusyBoard.app */ = {isa = PBXFileReference; explicitFileType = wrapper.application; includeInIndex = 0; path = LittleBusyBoard.app; sourceTree = BUILT_PRODUCTS_DIR; };
		F2D0260521F9D8FC00DCA09A /* AppDelegate.swift */ = {isa = PBXFileReference; lastKnownFileType = sourcecode.swift; path = AppDelegate.swift; sourceTree = "<group>"; };
		F2D0260C21F9D8FD00DCA09A /* Assets.xcassets */ = {isa = PBXFileReference; lastKnownFileType = folder.assetcatalog; path = Assets.xcassets; sourceTree = "<group>"; };
		F2D0261121F9D8FD00DCA09A /* Info.plist */ = {isa = PBXFileReference; lastKnownFileType = text.plist.xml; path = Info.plist; sourceTree = "<group>"; };
		F2D0261C21F9DA5500DCA09A /* LaunchScreen.xib */ = {isa = PBXFileReference; lastKnownFileType = file.xib; path = LaunchScreen.xib; sourceTree = "<group>"; };
		F2D0262121FA20C700DCA09A /* BusyboardLevelsListViewController.swift */ = {isa = PBXFileReference; lastKnownFileType = sourcecode.swift; path = BusyboardLevelsListViewController.swift; sourceTree = "<group>"; };
		F2D0262221FA20C700DCA09A /* BusyBoardsListViewController.xib */ = {isa = PBXFileReference; lastKnownFileType = file.xib; path = BusyBoardsListViewController.xib; sourceTree = "<group>"; };
		F2D0262621FA217800DCA09A /* Busyboard.swift */ = {isa = PBXFileReference; lastKnownFileType = sourcecode.swift; path = Busyboard.swift; sourceTree = "<group>"; };
		F2D0262921FA21E700DCA09A /* ProgressViewController.swift */ = {isa = PBXFileReference; lastKnownFileType = sourcecode.swift; path = ProgressViewController.swift; sourceTree = "<group>"; };
		F2D0262A21FA21E700DCA09A /* ProgressViewController.xib */ = {isa = PBXFileReference; lastKnownFileType = file.xib; path = ProgressViewController.xib; sourceTree = "<group>"; };
		F2D0262D21FA24F100DCA09A /* BusyboardTableViewCell.swift */ = {isa = PBXFileReference; lastKnownFileType = sourcecode.swift; path = BusyboardTableViewCell.swift; sourceTree = "<group>"; };
		F2D0262E21FA24F100DCA09A /* BusyboardTableViewCell.xib */ = {isa = PBXFileReference; lastKnownFileType = file.xib; path = BusyboardTableViewCell.xib; sourceTree = "<group>"; };
		F2D0263421FA296000DCA09A /* BusyboardLevelViewController.swift */ = {isa = PBXFileReference; lastKnownFileType = sourcecode.swift; path = BusyboardLevelViewController.swift; sourceTree = "<group>"; };
		F2D0263521FA296000DCA09A /* BusyboardViewController.xib */ = {isa = PBXFileReference; lastKnownFileType = file.xib; path = BusyboardViewController.xib; sourceTree = "<group>"; };
		F2D0263821FA2A0900DCA09A /* BoardComponent.swift */ = {isa = PBXFileReference; lastKnownFileType = sourcecode.swift; path = BoardComponent.swift; sourceTree = "<group>"; };
/* End PBXFileReference section */

/* Begin PBXFrameworksBuildPhase section */
		F2D025FF21F9D8FC00DCA09A /* Frameworks */ = {
			isa = PBXFrameworksBuildPhase;
			buildActionMask = 2147483647;
			files = (
			);
			runOnlyForDeploymentPostprocessing = 0;
		};
/* End PBXFrameworksBuildPhase section */

/* Begin PBXGroup section */
		F2D025F921F9D8FC00DCA09A = {
			isa = PBXGroup;
			children = (
				F2D0260421F9D8FC00DCA09A /* LittleBusyBoard */,
				F2D0260321F9D8FC00DCA09A /* Products */,
			);
			sourceTree = "<group>";
		};
		F2D0260321F9D8FC00DCA09A /* Products */ = {
			isa = PBXGroup;
			children = (
				F2D0260221F9D8FC00DCA09A /* LittleBusyBoard.app */,
			);
			name = Products;
			sourceTree = "<group>";
		};
		F2D0260421F9D8FC00DCA09A /* LittleBusyBoard */ = {
			isa = PBXGroup;
			children = (
				F2D0262821FA219300DCA09A /* Services */,
				F2D0262521FA214B00DCA09A /* Models */,
				F2D0261921F9D93D00DCA09A /* Infrastructure */,
				F2D0261821F9D93200DCA09A /* Presentation */,
				F2D0261721F9D91200DCA09A /* Resources */,
			);
			path = LittleBusyBoard;
			sourceTree = "<group>";
		};
		F2D0261721F9D91200DCA09A /* Resources */ = {
			isa = PBXGroup;
			children = (
				F2D0260C21F9D8FD00DCA09A /* Assets.xcassets */,
				F2D0261C21F9DA5500DCA09A /* LaunchScreen.xib */,
			);
			path = Resources;
			sourceTree = "<group>";
		};
		F2D0261821F9D93200DCA09A /* Presentation */ = {
			isa = PBXGroup;
			children = (
				F2D0262021FA037100DCA09A /* AdditionalUI */,
				F2D0263221FA251800DCA09A /* List */,
				F2D0263321FA292C00DCA09A /* Details */,
			);
			path = Presentation;
			sourceTree = "<group>";
		};
		F2D0261921F9D93D00DCA09A /* Infrastructure */ = {
			isa = PBXGroup;
			children = (
				F2D0260521F9D8FC00DCA09A /* AppDelegate.swift */,
				F2D0261121F9D8FD00DCA09A /* Info.plist */,
			);
			path = Infrastructure;
			sourceTree = "<group>";
		};
		F2D0262021FA037100DCA09A /* AdditionalUI */ = {
			isa = PBXGroup;
			children = (
				F2D0262921FA21E700DCA09A /* ProgressViewController.swift */,
				F2D0262A21FA21E700DCA09A /* ProgressViewController.xib */,
			);
			path = AdditionalUI;
			sourceTree = "<group>";
		};
		F2D0262521FA214B00DCA09A /* Models */ = {
			isa = PBXGroup;
			children = (
				F2D0262621FA217800DCA09A /* Busyboard.swift */,
				F2D0263821FA2A0900DCA09A /* BoardComponent.swift */,
			);
			path = Models;
			sourceTree = "<group>";
		};
		F2D0262821FA219300DCA09A /* Services */ = {
			isa = PBXGroup;
			children = (
			);
			path = Services;
			sourceTree = "<group>";
		};
		F2D0263121FA24F900DCA09A /* Cell */ = {
			isa = PBXGroup;
			children = (
				F2D0262D21FA24F100DCA09A /* BusyboardTableViewCell.swift */,
				F2D0262E21FA24F100DCA09A /* BusyboardTableViewCell.xib */,
			);
			path = Cell;
			sourceTree = "<group>";
		};
		F2D0263221FA251800DCA09A /* List */ = {
			isa = PBXGroup;
			children = (
				F2D0262121FA20C700DCA09A /* BusyboardLevelsListViewController.swift */,
				F2D0262221FA20C700DCA09A /* BusyBoardsListViewController.xib */,
				F2D0263121FA24F900DCA09A /* Cell */,
			);
			path = List;
			sourceTree = "<group>";
		};
		F2D0263321FA292C00DCA09A /* Details */ = {
			isa = PBXGroup;
			children = (
				F2D0263421FA296000DCA09A /* BusyboardLevelViewController.swift */,
				F2D0263521FA296000DCA09A /* BusyboardViewController.xib */,
			);
			path = Details;
			sourceTree = "<group>";
		};
/* End PBXGroup section */

/* Begin PBXNativeTarget section */
		F2D0260121F9D8FC00DCA09A /* LittleBusyBoard */ = {
			isa = PBXNativeTarget;
			buildConfigurationList = F2D0261421F9D8FD00DCA09A /* Build configuration list for PBXNativeTarget "LittleBusyBoard" */;
			buildPhases = (
				F2D025FE21F9D8FC00DCA09A /* Sources */,
				F2D025FF21F9D8FC00DCA09A /* Frameworks */,
				F2D0260021F9D8FC00DCA09A /* Resources */,
			);
			buildRules = (
			);
			dependencies = (
			);
			name = LittleBusyBoard;
			productName = LittleBusyBoard;
			productReference = F2D0260221F9D8FC00DCA09A /* LittleBusyBoard.app */;
			productType = "com.apple.product-type.application";
		};
/* End PBXNativeTarget section */

/* Begin PBXProject section */
		F2D025FA21F9D8FC00DCA09A /* Project object */ = {
			isa = PBXProject;
			attributes = {
				LastSwiftUpdateCheck = 1010;
				LastUpgradeCheck = 1010;
				ORGANIZATIONNAME = VR/RN;
				TargetAttributes = {
					F2D0260121F9D8FC00DCA09A = {
						CreatedOnToolsVersion = 10.1;
					};
				};
			};
			buildConfigurationList = F2D025FD21F9D8FC00DCA09A /* Build configuration list for PBXProject "LittleBusyBoard" */;
			compatibilityVersion = "Xcode 9.3";
			developmentRegion = en;
			hasScannedForEncodings = 0;
			knownRegions = (
				en,
				Base,
			);
			mainGroup = F2D025F921F9D8FC00DCA09A;
			productRefGroup = F2D0260321F9D8FC00DCA09A /* Products */;
			projectDirPath = "";
			projectRoot = "";
			targets = (
				F2D0260121F9D8FC00DCA09A /* LittleBusyBoard */,
			);
		};
/* End PBXProject section */

/* Begin PBXResourcesBuildPhase section */
		F2D0260021F9D8FC00DCA09A /* Resources */ = {
			isa = PBXResourcesBuildPhase;
			buildActionMask = 2147483647;
			files = (
				F2D0261D21F9DA5500DCA09A /* LaunchScreen.xib in Resources */,
				F2D0260D21F9D8FD00DCA09A /* Assets.xcassets in Resources */,
				F2D0262421FA20C700DCA09A /* BusyBoardsListViewController.xib in Resources */,
				F2D0263021FA24F100DCA09A /* BusyboardTableViewCell.xib in Resources */,
				F2D0263721FA296000DCA09A /* BusyboardViewController.xib in Resources */,
				F2D0262C21FA21E700DCA09A /* ProgressViewController.xib in Resources */,
			);
			runOnlyForDeploymentPostprocessing = 0;
		};
/* End PBXResourcesBuildPhase section */

/* Begin PBXSourcesBuildPhase section */
		F2D025FE21F9D8FC00DCA09A /* Sources */ = {
			isa = PBXSourcesBuildPhase;
			buildActionMask = 2147483647;
			files = (
				F2D0263621FA296000DCA09A /* BusyboardLevelViewController.swift in Sources */,
				F2D0263921FA2A0900DCA09A /* BoardComponent.swift in Sources */,
				F2D0262321FA20C700DCA09A /* BusyboardLevelsListViewController.swift in Sources */,
				F2D0260621F9D8FC00DCA09A /* AppDelegate.swift in Sources */,
				F2D0262721FA217800DCA09A /* Busyboard.swift in Sources */,
				F2D0262B21FA21E700DCA09A /* ProgressViewController.swift in Sources */,
				F2D0262F21FA24F100DCA09A /* BusyboardTableViewCell.swift in Sources */,
			);
			runOnlyForDeploymentPostprocessing = 0;
		};
/* End PBXSourcesBuildPhase section */

/* Begin XCBuildConfiguration section */
		F2D0261221F9D8FD00DCA09A /* Debug */ = {
			isa = XCBuildConfiguration;
			buildSettings = {
				ALWAYS_SEARCH_USER_PATHS = NO;
				CLANG_ANALYZER_NONNULL = YES;
				CLANG_ANALYZER_NUMBER_OBJECT_CONVERSION = YES_AGGRESSIVE;
				CLANG_CXX_LANGUAGE_STANDARD = "gnu++14";
				CLANG_CXX_LIBRARY = "libc++";
				CLANG_ENABLE_MODULES = YES;
				CLANG_ENABLE_OBJC_ARC = YES;
				CLANG_ENABLE_OBJC_WEAK = YES;
				CLANG_WARN_BLOCK_CAPTURE_AUTORELEASING = YES;
				CLANG_WARN_BOOL_CONVERSION = YES;
				CLANG_WARN_COMMA = YES;
				CLANG_WARN_CONSTANT_CONVERSION = YES;
				CLANG_WARN_DEPRECATED_OBJC_IMPLEMENTATIONS = YES;
				CLANG_WARN_DIRECT_OBJC_ISA_USAGE = YES_ERROR;
				CLANG_WARN_DOCUMENTATION_COMMENTS = YES;
				CLANG_WARN_EMPTY_BODY = YES;
				CLANG_WARN_ENUM_CONVERSION = YES;
				CLANG_WARN_INFINITE_RECURSION = YES;
				CLANG_WARN_INT_CONVERSION = YES;
				CLANG_WARN_NON_LITERAL_NULL_CONVERSION = YES;
				CLANG_WARN_OBJC_IMPLICIT_RETAIN_SELF = YES;
				CLANG_WARN_OBJC_LITERAL_CONVERSION = YES;
				CLANG_WARN_OBJC_ROOT_CLASS = YES_ERROR;
				CLANG_WARN_RANGE_LOOP_ANALYSIS = YES;
				CLANG_WARN_STRICT_PROTOTYPES = YES;
				CLANG_WARN_SUSPICIOUS_MOVE = YES;
				CLANG_WARN_UNGUARDED_AVAILABILITY = YES_AGGRESSIVE;
				CLANG_WARN_UNREACHABLE_CODE = YES;
				CLANG_WARN__DUPLICATE_METHOD_MATCH = YES;
				CODE_SIGN_IDENTITY = "iPhone Developer";
				COPY_PHASE_STRIP = NO;
				DEBUG_INFORMATION_FORMAT = dwarf;
				ENABLE_STRICT_OBJC_MSGSEND = YES;
				ENABLE_TESTABILITY = YES;
				GCC_C_LANGUAGE_STANDARD = gnu11;
				GCC_DYNAMIC_NO_PIC = NO;
				GCC_NO_COMMON_BLOCKS = YES;
				GCC_OPTIMIZATION_LEVEL = 0;
				GCC_PREPROCESSOR_DEFINITIONS = (
					"DEBUG=1",
					"$(inherited)",
				);
				GCC_WARN_64_TO_32_BIT_CONVERSION = YES;
				GCC_WARN_ABOUT_RETURN_TYPE = YES_ERROR;
				GCC_WARN_UNDECLARED_SELECTOR = YES;
				GCC_WARN_UNINITIALIZED_AUTOS = YES_AGGRESSIVE;
				GCC_WARN_UNUSED_FUNCTION = YES;
				GCC_WARN_UNUSED_VARIABLE = YES;
				IPHONEOS_DEPLOYMENT_TARGET = 12.1;
				MTL_ENABLE_DEBUG_INFO = INCLUDE_SOURCE;
				MTL_FAST_MATH = YES;
				ONLY_ACTIVE_ARCH = YES;
				SDKROOT = iphoneos;
				SWIFT_ACTIVE_COMPILATION_CONDITIONS = DEBUG;
				SWIFT_OPTIMIZATION_LEVEL = "-Onone";
			};
			name = Debug;
		};
		F2D0261321F9D8FD00DCA09A /* Release */ = {
			isa = XCBuildConfiguration;
			buildSettings = {
				ALWAYS_SEARCH_USER_PATHS = NO;
				CLANG_ANALYZER_NONNULL = YES;
				CLANG_ANALYZER_NUMBER_OBJECT_CONVERSION = YES_AGGRESSIVE;
				CLANG_CXX_LANGUAGE_STANDARD = "gnu++14";
				CLANG_CXX_LIBRARY = "libc++";
				CLANG_ENABLE_MODULES = YES;
				CLANG_ENABLE_OBJC_ARC = YES;
				CLANG_ENABLE_OBJC_WEAK = YES;
				CLANG_WARN_BLOCK_CAPTURE_AUTORELEASING = YES;
				CLANG_WARN_BOOL_CONVERSION = YES;
				CLANG_WARN_COMMA = YES;
				CLANG_WARN_CONSTANT_CONVERSION = YES;
				CLANG_WARN_DEPRECATED_OBJC_IMPLEMENTATIONS = YES;
				CLANG_WARN_DIRECT_OBJC_ISA_USAGE = YES_ERROR;
				CLANG_WARN_DOCUMENTATION_COMMENTS = YES;
				CLANG_WARN_EMPTY_BODY = YES;
				CLANG_WARN_ENUM_CONVERSION = YES;
				CLANG_WARN_INFINITE_RECURSION = YES;
				CLANG_WARN_INT_CONVERSION = YES;
				CLANG_WARN_NON_LITERAL_NULL_CONVERSION = YES;
				CLANG_WARN_OBJC_IMPLICIT_RETAIN_SELF = YES;
				CLANG_WARN_OBJC_LITERAL_CONVERSION = YES;
				CLANG_WARN_OBJC_ROOT_CLASS = YES_ERROR;
				CLANG_WARN_RANGE_LOOP_ANALYSIS = YES;
				CLANG_WARN_STRICT_PROTOTYPES = YES;
				CLANG_WARN_SUSPICIOUS_MOVE = YES;
				CLANG_WARN_UNGUARDED_AVAILABILITY = YES_AGGRESSIVE;
				CLANG_WARN_UNREACHABLE_CODE = YES;
				CLANG_WARN__DUPLICATE_METHOD_MATCH = YES;
				CODE_SIGN_IDENTITY = "iPhone Developer";
				COPY_PHASE_STRIP = NO;
				DEBUG_INFORMATION_FORMAT = "dwarf-with-dsym";
				ENABLE_NS_ASSERTIONS = NO;
				ENABLE_STRICT_OBJC_MSGSEND = YES;
				GCC_C_LANGUAGE_STANDARD = gnu11;
				GCC_NO_COMMON_BLOCKS = YES;
				GCC_WARN_64_TO_32_BIT_CONVERSION = YES;
				GCC_WARN_ABOUT_RETURN_TYPE = YES_ERROR;
				GCC_WARN_UNDECLARED_SELECTOR = YES;
				GCC_WARN_UNINITIALIZED_AUTOS = YES_AGGRESSIVE;
				GCC_WARN_UNUSED_FUNCTION = YES;
				GCC_WARN_UNUSED_VARIABLE = YES;
				IPHONEOS_DEPLOYMENT_TARGET = 12.1;
				MTL_ENABLE_DEBUG_INFO = NO;
				MTL_FAST_MATH = YES;
				SDKROOT = iphoneos;
				SWIFT_COMPILATION_MODE = wholemodule;
				SWIFT_OPTIMIZATION_LEVEL = "-O";
				VALIDATE_PRODUCT = YES;
			};
			name = Release;
		};
		F2D0261521F9D8FD00DCA09A /* Debug */ = {
			isa = XCBuildConfiguration;
			buildSettings = {
				ASSETCATALOG_COMPILER_APPICON_NAME = AppIcon;
				CODE_SIGN_IDENTITY = "iPhone Developer";
				CODE_SIGN_STYLE = Automatic;
				DEVELOPMENT_TEAM = JZHS7Z7G7D;
				INFOPLIST_FILE = "$(SRCROOT)/LittleBusyBoard/Infrastructure/Info.plist";
				IPHONEOS_DEPLOYMENT_TARGET = 10.0;
				LD_RUNPATH_SEARCH_PATHS = (
					"$(inherited)",
					"@executable_path/Frameworks",
				);
				PRODUCT_BUNDLE_IDENTIFIER = com.vrrn.LittleBusyBoard;
				PRODUCT_NAME = "$(TARGET_NAME)";
				PROVISIONING_PROFILE_SPECIFIER = "";
				SWIFT_VERSION = 4.2;
				TARGETED_DEVICE_FAMILY = "1,2";
			};
			name = Debug;
		};
		F2D0261621F9D8FD00DCA09A /* Release */ = {
			isa = XCBuildConfiguration;
			buildSettings = {
				ASSETCATALOG_COMPILER_APPICON_NAME = AppIcon;
				CODE_SIGN_IDENTITY = "iPhone Developer";
				CODE_SIGN_STYLE = Automatic;
				DEVELOPMENT_TEAM = JZHS7Z7G7D;
				INFOPLIST_FILE = "$(SRCROOT)/LittleBusyBoard/Infrastructure/Info.plist";
				IPHONEOS_DEPLOYMENT_TARGET = 10.0;
				LD_RUNPATH_SEARCH_PATHS = (
					"$(inherited)",
					"@executable_path/Frameworks",
				);
				PRODUCT_BUNDLE_IDENTIFIER = com.vrrn.LittleBusyBoard;
				PRODUCT_NAME = "$(TARGET_NAME)";
				PROVISIONING_PROFILE_SPECIFIER = "";
				SWIFT_VERSION = 4.2;
				TARGETED_DEVICE_FAMILY = "1,2";
			};
			name = Release;
		};
/* End XCBuildConfiguration section */

/* Begin XCConfigurationList section */
		F2D025FD21F9D8FC00DCA09A /* Build configuration list for PBXProject "LittleBusyBoard" */ = {
			isa = XCConfigurationList;
			buildConfigurations = (
				F2D0261221F9D8FD00DCA09A /* Debug */,
				F2D0261321F9D8FD00DCA09A /* Release */,
			);
			defaultConfigurationIsVisible = 0;
			defaultConfigurationName = Release;
		};
		F2D0261421F9D8FD00DCA09A /* Build configuration list for PBXNativeTarget "LittleBusyBoard" */ = {
			isa = XCConfigurationList;
			buildConfigurations = (
				F2D0261521F9D8FD00DCA09A /* Debug */,
				F2D0261621F9D8FD00DCA09A /* Release */,
			);
			defaultConfigurationIsVisible = 0;
			defaultConfigurationName = Release;
		};
/* End XCConfigurationList section */
	};
	rootObject = F2D025FA21F9D8FC00DCA09A /* Project object */;
}
